
Microsoft Visual Studio Solution File, Format Version 12.00
# Visual Studio Version 17
VisualStudioVersion = 17.5.002.0
MinimumVisualStudioVersion = 10.0.40219.1
Project("{9A19103F-16F7-4668-BE54-9A1E7A4F7556}") = "CleanArchitecture.Identity.Api", "CleanArchitecture.Identity.Api.csproj", "{2DE7CA29-E191-42AD-95E1-E9BBD1389D63}"
EndProject
Global
	GlobalSection(SolutionConfigurationPlatforms) = preSolution
		Debug|Any CPU = Debug|Any CPU
		Release|Any CPU = Release|Any CPU
	EndGlobalSection
	GlobalSection(ProjectConfigurationPlatforms) = postSolution
		{2DE7CA29-E191-42AD-95E1-E9BBD1389D63}.Debug|Any CPU.ActiveCfg = Debug|Any CPU
		{2DE7CA29-E191-42AD-95E1-E9BBD1389D63}.Debug|Any CPU.Build.0 = Debug|Any CPU
		{2DE7CA29-E191-42AD-95E1-E9BBD1389D63}.Release|Any CPU.ActiveCfg = Release|Any CPU
		{2DE7CA29-E191-42AD-95E1-E9BBD1389D63}.Release|Any CPU.Build.0 = Release|Any CPU
	EndGlobalSection
	GlobalSection(SolutionProperties) = preSolution
		HideSolutionNode = FALSE
	EndGlobalSection
	GlobalSection(ExtensibilityGlobals) = postSolution
		SolutionGuid = {F850A17F-70E3-4B60-AB5E-4342E027A58E}
	EndGlobalSection
EndGlobal
