
Microsoft Visual Studio Solution File, Format Version 12.00
# Visual Studio Version 17
VisualStudioVersion = 17.8.34330.188
MinimumVisualStudioVersion = 10.0.40219.1
Project("{9A19103F-16F7-4668-BE54-9A1E7A4F7556}") = "Tenon.Extensions", "Tenon.Extensions\Tenon.Extensions.csproj", "{D498B2DF-E630-4EA2-BC25-C46622C0AB36}"
EndProject
Project("{9A19103F-16F7-4668-BE54-9A1E7A4F7556}") = "Tenon.Repository.EfCore", "Tenon.Repository.EfCore\Tenon.Repository.EfCore.csproj", "{0F45B922-9394-4FC1-8D74-B9FB3D495C6A}"
EndProject
Project("{2150E333-8FDC-42A3-9474-1A3956D46DE8}") = "Tests", "Tests", "{E105A163-9660-4A89-8CA9-C242762B8613}"
EndProject
Project("{9A19103F-16F7-4668-BE54-9A1E7A4F7556}") = "Tenon.Repository", "Tenon.Repository\Tenon.Repository.csproj", "{7FDFFDCC-11C0-4034-B65A-A70680AB5F20}"
EndProject
Project("{2150E333-8FDC-42A3-9474-1A3956D46DE8}") = "Solution Items", "Solution Items", "{16309650-073B-49E8-B044-D0098E84B640}"
EndProject
Project("{9A19103F-16F7-4668-BE54-9A1E7A4F7556}") = "Tenon.Repository.EfCore.MySql", "Tenon.Repository.EfCore.MySql\Tenon.Repository.EfCore.MySql.csproj", "{DC165CD3-8105-446E-AA87-45290052DA5C}"
EndProject
Project("{9A19103F-16F7-4668-BE54-9A1E7A4F7556}") = "Tenon.Repository.EfCore.Sqlite", "Tenon.Repository.EfCore.Sqlite\Tenon.Repository.EfCore.Sqlite.csproj", "{2CAF90E6-D498-48B9-A628-9A19C3D3786F}"
EndProject
Project("{9A19103F-16F7-4668-BE54-9A1E7A4F7556}") = "Tenon.Repository.EfCore.MySqlTests", "..\test\Tenon.Repository.EfCore.MySqlTests\Tenon.Repository.EfCore.MySqlTests.csproj", "{DF428EBA-FCA9-41B0-8E7F-51EBAD991423}"
EndProject
Project("{9A19103F-16F7-4668-BE54-9A1E7A4F7556}") = "Tenon.Repository.EfCore.SqliteTests", "..\test\Tenon.Repository.EfCore.SqliteTests\Tenon.Repository.EfCore.SqliteTests.csproj", "{91FB1838-D738-4591-8E01-2F201BEAA8E3}"
EndProject
Project("{9A19103F-16F7-4668-BE54-9A1E7A4F7556}") = "Tenon.Redis", "Tenon.Redis\Tenon.Redis.csproj", "{4D406FF1-4797-417C-86D6-4F73FD824E69}"
EndProject
Project("{9A19103F-16F7-4668-BE54-9A1E7A4F7556}") = "Tenon.Redis.StackExchangeProvider", "Tenon.Redis.StackExchangeProvider\Tenon.Redis.StackExchangeProvider.csproj", "{0FA80F50-D367-4CEE-9FC3-795D1901EA69}"
EndProject
Project("{9A19103F-16F7-4668-BE54-9A1E7A4F7556}") = "Tenon.DistributedLocker", "Tenon.DistributedLocker\Tenon.DistributedLocker.csproj", "{9BE51950-0237-4E5E-9A62-82D89E090A21}"
EndProject
Project("{9A19103F-16F7-4668-BE54-9A1E7A4F7556}") = "Tenon.BloomFilter", "Tenon.BloomFilter\Tenon.BloomFilter.csproj", "{11B5A99A-427E-4B40-8DE6-3FE010BD8843}"
EndProject
Project("{9A19103F-16F7-4668-BE54-9A1E7A4F7556}") = "Tenon.Redis.StackExchangeProviderTests", "..\test\Tenon.Redis.StackExchangeProviderTests\Tenon.Redis.StackExchangeProviderTests.csproj", "{02AD807B-E1D5-42F5-A50E-F7A5D45D9AD0}"
EndProject
Project("{9A19103F-16F7-4668-BE54-9A1E7A4F7556}") = "Tenon.Helper", "Tenon.Helper\Tenon.Helper.csproj", "{070358D9-B0BF-44DC-BC2A-3A5AF7C434DD}"
EndProject
Project("{9A19103F-16F7-4668-BE54-9A1E7A4F7556}") = "Tenon.Serialization", "Tenon.Serialization\Tenon.Serialization.csproj", "{3D5496E5-3774-4309-BC6C-5B813EF53A24}"
EndProject
Project("{9A19103F-16F7-4668-BE54-9A1E7A4F7556}") = "Tenon.StackExchange.Redis.Extensions", "Tenon.StackExchange.Redis.Extensions\Tenon.StackExchange.Redis.Extensions.csproj", "{D1AE34B4-FF19-4E51-9781-6E64A3EC8BE4}"
EndProject
Project("{9A19103F-16F7-4668-BE54-9A1E7A4F7556}") = "Tenon.Caching", "Tenon.Caching\Tenon.Caching.csproj", "{050BADF0-487C-44A3-93D3-256548D9BB0D}"
EndProject
Project("{9A19103F-16F7-4668-BE54-9A1E7A4F7556}") = "Tenon.Caching.Redis", "Tenon.Caching.Redis\Tenon.Caching.Redis.csproj", "{E2257EB0-D4B2-4062-9A43-AC50F1EE5B38}"
EndProject
Project("{9A19103F-16F7-4668-BE54-9A1E7A4F7556}") = "Tenon.Serialization.Json", "Tenon.Serialization.Json\Tenon.Serialization.Json.csproj", "{28923138-3EAC-43DF-BBF5-29DD2FF88427}"
EndProject
Project("{9A19103F-16F7-4668-BE54-9A1E7A4F7556}") = "Tenon.DistributedId", "Tenon.DistributedId\Tenon.DistributedId.csproj", "{FECE53B0-372F-4CEE-9206-C4E03E49B043}"
EndProject
Project("{9A19103F-16F7-4668-BE54-9A1E7A4F7556}") = "Tenon.DistributedId.Snowflake", "Tenon.DistributedId.Snowflake\Tenon.DistributedId.Snowflake.csproj", "{DF9C2F2A-372E-41FA-B651-D589A911F88D}"
EndProject
Project("{9A19103F-16F7-4668-BE54-9A1E7A4F7556}") = "Tenon.CentralizedConfiguration", "Tenon.CentralizedConfiguration\Tenon.CentralizedConfiguration.csproj", "{3223E319-2AD8-45A3-A72E-40E6BFC8E58F}"
EndProject
Project("{9A19103F-16F7-4668-BE54-9A1E7A4F7556}") = "Tenon.CentralizedConfiguration.Apollo", "Tenon.CentralizedConfiguration.Apollo\Tenon.CentralizedConfiguration.Apollo.csproj", "{D3C49A80-184B-4CA0-9B6B-F4C6AA80F918}"
EndProject
Project("{9A19103F-16F7-4668-BE54-9A1E7A4F7556}") = "Tenon.DistributedLocker.Redis", "Tenon.DistributedLocker.Redis\Tenon.DistributedLocker.Redis.csproj", "{B1BB9D1F-FDDF-4C90-962F-ECC0959037FE}"
EndProject
Project("{9A19103F-16F7-4668-BE54-9A1E7A4F7556}") = "Tenon.BloomFilter.Redis", "Tenon.BloomFilter.Redis\Tenon.BloomFilter.Redis.csproj", "{0DA6E0A5-FD85-407C-9622-19F181488102}"
EndProject
Project("{9A19103F-16F7-4668-BE54-9A1E7A4F7556}") = "Tenon.BloomFilter.RedisTests", "..\test\Tenon.BloomFilter.RedisTests\Tenon.BloomFilter.RedisTests.csproj", "{61A7C54D-ED29-4334-AE18-6190C9ECA56F}"
EndProject
Project("{9A19103F-16F7-4668-BE54-9A1E7A4F7556}") = "Tenon.EventBus", "Tenon.EventBus\Tenon.EventBus.csproj", "{5886F568-91D4-4F71-9573-0C745F7FD982}"
EndProject
Project("{9A19103F-16F7-4668-BE54-9A1E7A4F7556}") = "Tenon.EventBus.Cap", "Tenon.EventBus.Cap\Tenon.EventBus.Cap.csproj", "{E87A95C8-471C-4342-9309-C90003B577A3}"
EndProject
Project("{9A19103F-16F7-4668-BE54-9A1E7A4F7556}") = "Tenon.Models", "Tenon.Models\Tenon.Models.csproj", "{434D59C8-555C-4CA0-98E3-BCC5AC02C7F2}"
EndProject
Project("{9A19103F-16F7-4668-BE54-9A1E7A4F7556}") = "Tenon.Caching.RedisStackExchange", "Tenon.Caching.RedisStackExchange\Tenon.Caching.RedisStackExchange.csproj", "{7F7CFB78-7812-4B63-9375-215B537B5CC5}"
EndProject
Project("{9A19103F-16F7-4668-BE54-9A1E7A4F7556}") = "Tenon.Caching.RedisStackExchangeTests", "..\test\Tenon.Caching.RedisStackExchangeTests\Tenon.Caching.RedisStackExchangeTests.csproj", "{E99DCDA2-FB3F-4CBB-8784-2D93DFBFE546}"
EndProject
Project("{9A19103F-16F7-4668-BE54-9A1E7A4F7556}") = "Tenon.RabbitMq", "Tenon.RabbitMq\Tenon.RabbitMq.csproj", "{2DFCAF99-90FF-435F-854F-716A505F3B72}"
EndProject
Project("{9A19103F-16F7-4668-BE54-9A1E7A4F7556}") = "Tenon.Rpc", "Tenon.Rpc\Tenon.Rpc.csproj", "{1ACC741F-8E02-401E-B262-71FE25A2E20C}"
EndProject
Project("{9A19103F-16F7-4668-BE54-9A1E7A4F7556}") = "Tenon.Trackers", "Tenon.Trackers\Tenon.Trackers.csproj", "{E662D296-F716-4908-AD20-9EF656D4AF6E}"
EndProject
Project("{9A19103F-16F7-4668-BE54-9A1E7A4F7556}") = "Tenon.Consul", "Tenon.Consul\Tenon.Consul.csproj", "{2EA44FF0-2365-4CAC-A54D-9BDD1A8A3744}"
EndProject
Project("{9A19103F-16F7-4668-BE54-9A1E7A4F7556}") = "Tenon.Abstractions", "Tenon.Abstractions\Tenon.Abstractions.csproj", "{23110D20-D1AB-4AC9-940B-65C297D6217E}"
EndProject
Project("{9A19103F-16F7-4668-BE54-9A1E7A4F7556}") = "Tenon.AspNetCore", "Tenon.AspNetCore\Tenon.AspNetCore.csproj", "{4D5CE8C2-1DBF-4C58-82E9-15C0F6B0B9CC}"
EndProject
Project("{2150E333-8FDC-42A3-9474-1A3956D46DE8}") = "Samples", "Samples", "{76FD4AE7-DA80-4244-8A1A-784DD49F9894}"
EndProject
Project("{9A19103F-16F7-4668-BE54-9A1E7A4F7556}") = "ConsulSample", "..\samples\ConsulSample\ConsulSample.csproj", "{6E11502C-D0AB-45DE-B20A-07F0A8654336}"
EndProject
Project("{9A19103F-16F7-4668-BE54-9A1E7A4F7556}") = "ConsulRefitSample", "..\samples\ConsulRefitSample\ConsulRefitSample.csproj", "{CC4E2469-289A-48D7-B4A5-33DE1B442B45}"
EndProject
Project("{9A19103F-16F7-4668-BE54-9A1E7A4F7556}") = "Tenon.Consul.RefitClient", "Tenon.Consul.RefitClient\Tenon.Consul.RefitClient.csproj", "{96F30DFA-D6A4-4E96-B6D9-58F99DAADB2F}"
EndProject
Project("{9A19103F-16F7-4668-BE54-9A1E7A4F7556}") = "Tenon.Consul.GrpcClient", "Tenon.Consul.GrpcClient\Tenon.Consul.GrpcClient.csproj", "{DC1C151C-99B0-4455-9B90-5A42D6BDB437}"
EndProject
Project("{FAE04EC0-301F-11D3-BF4B-00C04F79EFBC}") = "Tenon.BloomFilter.RedisStackExchange", "Tenon.BloomFilter.RedisStackExchange\Tenon.BloomFilter.RedisStackExchange.csproj", "{22EFF6F8-B62D-4DC4-B57D-EAF1B5DCCC4B}"
EndProject
Project("{9A19103F-16F7-4668-BE54-9A1E7A4F7556}") = "Tenon.BloomFilter.RedisStackExchangeTests", "..\test\Tenon.BloomFilter.RedisStackExchangeTests\Tenon.BloomFilter.RedisStackExchangeTests.csproj", "{1367BE66-B605-4868-A67A-3C3F06B0277A}"
EndProject
Project("{FAE04EC0-301F-11D3-BF4B-00C04F79EFBC}") = "Tenon.DistributedLocker.RedisStackExchange", "Tenon.DistributedLocker.RedisStackExchange\Tenon.DistributedLocker.RedisStackExchange.csproj", "{44C3B67F-9D0C-426A-AEA2-7822CC2303A1}"
EndProject
Project("{9A19103F-16F7-4668-BE54-9A1E7A4F7556}") = "Tenon.DistributedLocker.RedisStackExchangeTests", "..\test\Tenon.DistributedLocker.RedisStackExchangeTests\Tenon.DistributedLocker.RedisStackExchangeTests.csproj", "{53709FCC-2FFB-4DCF-BB24-7F5FD0D48DC0}"
EndProject
Project("{FAE04EC0-301F-11D3-BF4B-00C04F79EFBC}") = "Tenon.Caching.InMemory", "Tenon.Caching.InMemory\Tenon.Caching.InMemory.csproj", "{01F33B73-CDE6-41CA-B0F3-F492EA1D53DE}"
EndProject
Global
	GlobalSection(SolutionConfigurationPlatforms) = preSolution
		Debug|Any CPU = Debug|Any CPU
		Release|Any CPU = Release|Any CPU
	EndGlobalSection
	GlobalSection(ProjectConfigurationPlatforms) = postSolution
		{D498B2DF-E630-4EA2-BC25-C46622C0AB36}.Debug|Any CPU.ActiveCfg = Debug|Any CPU
		{D498B2DF-E630-4EA2-BC25-C46622C0AB36}.Debug|Any CPU.Build.0 = Debug|Any CPU
		{D498B2DF-E630-4EA2-BC25-C46622C0AB36}.Release|Any CPU.ActiveCfg = Release|Any CPU
		{D498B2DF-E630-4EA2-BC25-C46622C0AB36}.Release|Any CPU.Build.0 = Release|Any CPU
		{0F45B922-9394-4FC1-8D74-B9FB3D495C6A}.Debug|Any CPU.ActiveCfg = Debug|Any CPU
		{0F45B922-9394-4FC1-8D74-B9FB3D495C6A}.Debug|Any CPU.Build.0 = Debug|Any CPU
		{0F45B922-9394-4FC1-8D74-B9FB3D495C6A}.Release|Any CPU.ActiveCfg = Release|Any CPU
		{0F45B922-9394-4FC1-8D74-B9FB3D495C6A}.Release|Any CPU.Build.0 = Release|Any CPU
		{7FDFFDCC-11C0-4034-B65A-A70680AB5F20}.Debug|Any CPU.ActiveCfg = Debug|Any CPU
		{7FDFFDCC-11C0-4034-B65A-A70680AB5F20}.Debug|Any CPU.Build.0 = Debug|Any CPU
		{7FDFFDCC-11C0-4034-B65A-A70680AB5F20}.Release|Any CPU.ActiveCfg = Release|Any CPU
		{7FDFFDCC-11C0-4034-B65A-A70680AB5F20}.Release|Any CPU.Build.0 = Release|Any CPU
		{DC165CD3-8105-446E-AA87-45290052DA5C}.Debug|Any CPU.ActiveCfg = Debug|Any CPU
		{DC165CD3-8105-446E-AA87-45290052DA5C}.Debug|Any CPU.Build.0 = Debug|Any CPU
		{DC165CD3-8105-446E-AA87-45290052DA5C}.Release|Any CPU.ActiveCfg = Release|Any CPU
		{DC165CD3-8105-446E-AA87-45290052DA5C}.Release|Any CPU.Build.0 = Release|Any CPU
		{2CAF90E6-D498-48B9-A628-9A19C3D3786F}.Debug|Any CPU.ActiveCfg = Debug|Any CPU
		{2CAF90E6-D498-48B9-A628-9A19C3D3786F}.Debug|Any CPU.Build.0 = Debug|Any CPU
		{2CAF90E6-D498-48B9-A628-9A19C3D3786F}.Release|Any CPU.ActiveCfg = Release|Any CPU
		{2CAF90E6-D498-48B9-A628-9A19C3D3786F}.Release|Any CPU.Build.0 = Release|Any CPU
		{DF428EBA-FCA9-41B0-8E7F-51EBAD991423}.Debug|Any CPU.ActiveCfg = Debug|Any CPU
		{DF428EBA-FCA9-41B0-8E7F-51EBAD991423}.Debug|Any CPU.Build.0 = Debug|Any CPU
		{DF428EBA-FCA9-41B0-8E7F-51EBAD991423}.Release|Any CPU.ActiveCfg = Release|Any CPU
		{DF428EBA-FCA9-41B0-8E7F-51EBAD991423}.Release|Any CPU.Build.0 = Release|Any CPU
		{91FB1838-D738-4591-8E01-2F201BEAA8E3}.Debug|Any CPU.ActiveCfg = Debug|Any CPU
		{91FB1838-D738-4591-8E01-2F201BEAA8E3}.Debug|Any CPU.Build.0 = Debug|Any CPU
		{91FB1838-D738-4591-8E01-2F201BEAA8E3}.Release|Any CPU.ActiveCfg = Release|Any CPU
		{91FB1838-D738-4591-8E01-2F201BEAA8E3}.Release|Any CPU.Build.0 = Release|Any CPU
		{4D406FF1-4797-417C-86D6-4F73FD824E69}.Debug|Any CPU.ActiveCfg = Debug|Any CPU
		{4D406FF1-4797-417C-86D6-4F73FD824E69}.Debug|Any CPU.Build.0 = Debug|Any CPU
		{4D406FF1-4797-417C-86D6-4F73FD824E69}.Release|Any CPU.ActiveCfg = Release|Any CPU
		{4D406FF1-4797-417C-86D6-4F73FD824E69}.Release|Any CPU.Build.0 = Release|Any CPU
		{0FA80F50-D367-4CEE-9FC3-795D1901EA69}.Debug|Any CPU.ActiveCfg = Debug|Any CPU
		{0FA80F50-D367-4CEE-9FC3-795D1901EA69}.Debug|Any CPU.Build.0 = Debug|Any CPU
		{0FA80F50-D367-4CEE-9FC3-795D1901EA69}.Release|Any CPU.ActiveCfg = Release|Any CPU
		{0FA80F50-D367-4CEE-9FC3-795D1901EA69}.Release|Any CPU.Build.0 = Release|Any CPU
		{9BE51950-0237-4E5E-9A62-82D89E090A21}.Debug|Any CPU.ActiveCfg = Debug|Any CPU
		{9BE51950-0237-4E5E-9A62-82D89E090A21}.Debug|Any CPU.Build.0 = Debug|Any CPU
		{9BE51950-0237-4E5E-9A62-82D89E090A21}.Release|Any CPU.ActiveCfg = Release|Any CPU
		{9BE51950-0237-4E5E-9A62-82D89E090A21}.Release|Any CPU.Build.0 = Release|Any CPU
		{11B5A99A-427E-4B40-8DE6-3FE010BD8843}.Debug|Any CPU.ActiveCfg = Debug|Any CPU
		{11B5A99A-427E-4B40-8DE6-3FE010BD8843}.Debug|Any CPU.Build.0 = Debug|Any CPU
		{11B5A99A-427E-4B40-8DE6-3FE010BD8843}.Release|Any CPU.ActiveCfg = Release|Any CPU
		{11B5A99A-427E-4B40-8DE6-3FE010BD8843}.Release|Any CPU.Build.0 = Release|Any CPU
		{02AD807B-E1D5-42F5-A50E-F7A5D45D9AD0}.Debug|Any CPU.ActiveCfg = Debug|Any CPU
		{02AD807B-E1D5-42F5-A50E-F7A5D45D9AD0}.Debug|Any CPU.Build.0 = Debug|Any CPU
		{02AD807B-E1D5-42F5-A50E-F7A5D45D9AD0}.Release|Any CPU.ActiveCfg = Release|Any CPU
		{02AD807B-E1D5-42F5-A50E-F7A5D45D9AD0}.Release|Any CPU.Build.0 = Release|Any CPU
		{070358D9-B0BF-44DC-BC2A-3A5AF7C434DD}.Debug|Any CPU.ActiveCfg = Debug|Any CPU
		{070358D9-B0BF-44DC-BC2A-3A5AF7C434DD}.Debug|Any CPU.Build.0 = Debug|Any CPU
		{070358D9-B0BF-44DC-BC2A-3A5AF7C434DD}.Release|Any CPU.ActiveCfg = Release|Any CPU
		{070358D9-B0BF-44DC-BC2A-3A5AF7C434DD}.Release|Any CPU.Build.0 = Release|Any CPU
		{3D5496E5-3774-4309-BC6C-5B813EF53A24}.Debug|Any CPU.ActiveCfg = Debug|Any CPU
		{3D5496E5-3774-4309-BC6C-5B813EF53A24}.Debug|Any CPU.Build.0 = Debug|Any CPU
		{3D5496E5-3774-4309-BC6C-5B813EF53A24}.Release|Any CPU.ActiveCfg = Release|Any CPU
		{3D5496E5-3774-4309-BC6C-5B813EF53A24}.Release|Any CPU.Build.0 = Release|Any CPU
		{D1AE34B4-FF19-4E51-9781-6E64A3EC8BE4}.Debug|Any CPU.ActiveCfg = Debug|Any CPU
		{D1AE34B4-FF19-4E51-9781-6E64A3EC8BE4}.Debug|Any CPU.Build.0 = Debug|Any CPU
		{D1AE34B4-FF19-4E51-9781-6E64A3EC8BE4}.Release|Any CPU.ActiveCfg = Release|Any CPU
		{D1AE34B4-FF19-4E51-9781-6E64A3EC8BE4}.Release|Any CPU.Build.0 = Release|Any CPU
		{050BADF0-487C-44A3-93D3-256548D9BB0D}.Debug|Any CPU.ActiveCfg = Debug|Any CPU
		{050BADF0-487C-44A3-93D3-256548D9BB0D}.Debug|Any CPU.Build.0 = Debug|Any CPU
		{050BADF0-487C-44A3-93D3-256548D9BB0D}.Release|Any CPU.ActiveCfg = Release|Any CPU
		{050BADF0-487C-44A3-93D3-256548D9BB0D}.Release|Any CPU.Build.0 = Release|Any CPU
		{E2257EB0-D4B2-4062-9A43-AC50F1EE5B38}.Debug|Any CPU.ActiveCfg = Debug|Any CPU
		{E2257EB0-D4B2-4062-9A43-AC50F1EE5B38}.Debug|Any CPU.Build.0 = Debug|Any CPU
		{E2257EB0-D4B2-4062-9A43-AC50F1EE5B38}.Release|Any CPU.ActiveCfg = Release|Any CPU
		{E2257EB0-D4B2-4062-9A43-AC50F1EE5B38}.Release|Any CPU.Build.0 = Release|Any CPU
		{28923138-3EAC-43DF-BBF5-29DD2FF88427}.Debug|Any CPU.ActiveCfg = Debug|Any CPU
		{28923138-3EAC-43DF-BBF5-29DD2FF88427}.Debug|Any CPU.Build.0 = Debug|Any CPU
		{28923138-3EAC-43DF-BBF5-29DD2FF88427}.Release|Any CPU.ActiveCfg = Release|Any CPU
		{28923138-3EAC-43DF-BBF5-29DD2FF88427}.Release|Any CPU.Build.0 = Release|Any CPU
		{FECE53B0-372F-4CEE-9206-C4E03E49B043}.Debug|Any CPU.ActiveCfg = Debug|Any CPU
		{FECE53B0-372F-4CEE-9206-C4E03E49B043}.Debug|Any CPU.Build.0 = Debug|Any CPU
		{FECE53B0-372F-4CEE-9206-C4E03E49B043}.Release|Any CPU.ActiveCfg = Release|Any CPU
		{FECE53B0-372F-4CEE-9206-C4E03E49B043}.Release|Any CPU.Build.0 = Release|Any CPU
		{DF9C2F2A-372E-41FA-B651-D589A911F88D}.Debug|Any CPU.ActiveCfg = Debug|Any CPU
		{DF9C2F2A-372E-41FA-B651-D589A911F88D}.Debug|Any CPU.Build.0 = Debug|Any CPU
		{DF9C2F2A-372E-41FA-B651-D589A911F88D}.Release|Any CPU.ActiveCfg = Release|Any CPU
		{DF9C2F2A-372E-41FA-B651-D589A911F88D}.Release|Any CPU.Build.0 = Release|Any CPU
		{3223E319-2AD8-45A3-A72E-40E6BFC8E58F}.Debug|Any CPU.ActiveCfg = Debug|Any CPU
		{3223E319-2AD8-45A3-A72E-40E6BFC8E58F}.Debug|Any CPU.Build.0 = Debug|Any CPU
		{3223E319-2AD8-45A3-A72E-40E6BFC8E58F}.Release|Any CPU.ActiveCfg = Release|Any CPU
		{3223E319-2AD8-45A3-A72E-40E6BFC8E58F}.Release|Any CPU.Build.0 = Release|Any CPU
		{D3C49A80-184B-4CA0-9B6B-F4C6AA80F918}.Debug|Any CPU.ActiveCfg = Debug|Any CPU
		{D3C49A80-184B-4CA0-9B6B-F4C6AA80F918}.Debug|Any CPU.Build.0 = Debug|Any CPU
		{D3C49A80-184B-4CA0-9B6B-F4C6AA80F918}.Release|Any CPU.ActiveCfg = Release|Any CPU
		{D3C49A80-184B-4CA0-9B6B-F4C6AA80F918}.Release|Any CPU.Build.0 = Release|Any CPU
		{B1BB9D1F-FDDF-4C90-962F-ECC0959037FE}.Debug|Any CPU.ActiveCfg = Debug|Any CPU
		{B1BB9D1F-FDDF-4C90-962F-ECC0959037FE}.Debug|Any CPU.Build.0 = Debug|Any CPU
		{B1BB9D1F-FDDF-4C90-962F-ECC0959037FE}.Release|Any CPU.ActiveCfg = Release|Any CPU
		{B1BB9D1F-FDDF-4C90-962F-ECC0959037FE}.Release|Any CPU.Build.0 = Release|Any CPU
		{0DA6E0A5-FD85-407C-9622-19F181488102}.Debug|Any CPU.ActiveCfg = Debug|Any CPU
		{0DA6E0A5-FD85-407C-9622-19F181488102}.Debug|Any CPU.Build.0 = Debug|Any CPU
		{0DA6E0A5-FD85-407C-9622-19F181488102}.Release|Any CPU.ActiveCfg = Release|Any CPU
		{0DA6E0A5-FD85-407C-9622-19F181488102}.Release|Any CPU.Build.0 = Release|Any CPU
		{61A7C54D-ED29-4334-AE18-6190C9ECA56F}.Debug|Any CPU.ActiveCfg = Debug|Any CPU
		{61A7C54D-ED29-4334-AE18-6190C9ECA56F}.Debug|Any CPU.Build.0 = Debug|Any CPU
		{61A7C54D-ED29-4334-AE18-6190C9ECA56F}.Release|Any CPU.ActiveCfg = Release|Any CPU
		{61A7C54D-ED29-4334-AE18-6190C9ECA56F}.Release|Any CPU.Build.0 = Release|Any CPU
		{5886F568-91D4-4F71-9573-0C745F7FD982}.Debug|Any CPU.ActiveCfg = Debug|Any CPU
		{5886F568-91D4-4F71-9573-0C745F7FD982}.Debug|Any CPU.Build.0 = Debug|Any CPU
		{5886F568-91D4-4F71-9573-0C745F7FD982}.Release|Any CPU.ActiveCfg = Release|Any CPU
		{5886F568-91D4-4F71-9573-0C745F7FD982}.Release|Any CPU.Build.0 = Release|Any CPU
		{E87A95C8-471C-4342-9309-C90003B577A3}.Debug|Any CPU.ActiveCfg = Debug|Any CPU
		{E87A95C8-471C-4342-9309-C90003B577A3}.Debug|Any CPU.Build.0 = Debug|Any CPU
		{E87A95C8-471C-4342-9309-C90003B577A3}.Release|Any CPU.ActiveCfg = Release|Any CPU
		{E87A95C8-471C-4342-9309-C90003B577A3}.Release|Any CPU.Build.0 = Release|Any CPU
		{434D59C8-555C-4CA0-98E3-BCC5AC02C7F2}.Debug|Any CPU.ActiveCfg = Debug|Any CPU
		{434D59C8-555C-4CA0-98E3-BCC5AC02C7F2}.Debug|Any CPU.Build.0 = Debug|Any CPU
		{434D59C8-555C-4CA0-98E3-BCC5AC02C7F2}.Release|Any CPU.ActiveCfg = Release|Any CPU
		{434D59C8-555C-4CA0-98E3-BCC5AC02C7F2}.Release|Any CPU.Build.0 = Release|Any CPU
		{7F7CFB78-7812-4B63-9375-215B537B5CC5}.Debug|Any CPU.ActiveCfg = Debug|Any CPU
		{7F7CFB78-7812-4B63-9375-215B537B5CC5}.Debug|Any CPU.Build.0 = Debug|Any CPU
		{7F7CFB78-7812-4B63-9375-215B537B5CC5}.Release|Any CPU.ActiveCfg = Release|Any CPU
		{7F7CFB78-7812-4B63-9375-215B537B5CC5}.Release|Any CPU.Build.0 = Release|Any CPU
		{E99DCDA2-FB3F-4CBB-8784-2D93DFBFE546}.Debug|Any CPU.ActiveCfg = Debug|Any CPU
		{E99DCDA2-FB3F-4CBB-8784-2D93DFBFE546}.Debug|Any CPU.Build.0 = Debug|Any CPU
		{E99DCDA2-FB3F-4CBB-8784-2D93DFBFE546}.Release|Any CPU.ActiveCfg = Release|Any CPU
		{E99DCDA2-FB3F-4CBB-8784-2D93DFBFE546}.Release|Any CPU.Build.0 = Release|Any CPU
		{2DFCAF99-90FF-435F-854F-716A505F3B72}.Debug|Any CPU.ActiveCfg = Debug|Any CPU
		{2DFCAF99-90FF-435F-854F-716A505F3B72}.Debug|Any CPU.Build.0 = Debug|Any CPU
		{2DFCAF99-90FF-435F-854F-716A505F3B72}.Release|Any CPU.ActiveCfg = Release|Any CPU
		{2DFCAF99-90FF-435F-854F-716A505F3B72}.Release|Any CPU.Build.0 = Release|Any CPU
		{1ACC741F-8E02-401E-B262-71FE25A2E20C}.Debug|Any CPU.ActiveCfg = Debug|Any CPU
		{1ACC741F-8E02-401E-B262-71FE25A2E20C}.Debug|Any CPU.Build.0 = Debug|Any CPU
		{1ACC741F-8E02-401E-B262-71FE25A2E20C}.Release|Any CPU.ActiveCfg = Release|Any CPU
		{1ACC741F-8E02-401E-B262-71FE25A2E20C}.Release|Any CPU.Build.0 = Release|Any CPU
		{E662D296-F716-4908-AD20-9EF656D4AF6E}.Debug|Any CPU.ActiveCfg = Debug|Any CPU
		{E662D296-F716-4908-AD20-9EF656D4AF6E}.Debug|Any CPU.Build.0 = Debug|Any CPU
		{E662D296-F716-4908-AD20-9EF656D4AF6E}.Release|Any CPU.ActiveCfg = Release|Any CPU
		{E662D296-F716-4908-AD20-9EF656D4AF6E}.Release|Any CPU.Build.0 = Release|Any CPU
		{2EA44FF0-2365-4CAC-A54D-9BDD1A8A3744}.Debug|Any CPU.ActiveCfg = Debug|Any CPU
		{2EA44FF0-2365-4CAC-A54D-9BDD1A8A3744}.Debug|Any CPU.Build.0 = Debug|Any CPU
		{2EA44FF0-2365-4CAC-A54D-9BDD1A8A3744}.Release|Any CPU.ActiveCfg = Release|Any CPU
		{2EA44FF0-2365-4CAC-A54D-9BDD1A8A3744}.Release|Any CPU.Build.0 = Release|Any CPU
		{23110D20-D1AB-4AC9-940B-65C297D6217E}.Debug|Any CPU.ActiveCfg = Debug|Any CPU
		{23110D20-D1AB-4AC9-940B-65C297D6217E}.Debug|Any CPU.Build.0 = Debug|Any CPU
		{23110D20-D1AB-4AC9-940B-65C297D6217E}.Release|Any CPU.ActiveCfg = Release|Any CPU
		{23110D20-D1AB-4AC9-940B-65C297D6217E}.Release|Any CPU.Build.0 = Release|Any CPU
		{4D5CE8C2-1DBF-4C58-82E9-15C0F6B0B9CC}.Debug|Any CPU.ActiveCfg = Debug|Any CPU
		{4D5CE8C2-1DBF-4C58-82E9-15C0F6B0B9CC}.Debug|Any CPU.Build.0 = Debug|Any CPU
		{4D5CE8C2-1DBF-4C58-82E9-15C0F6B0B9CC}.Release|Any CPU.ActiveCfg = Release|Any CPU
		{4D5CE8C2-1DBF-4C58-82E9-15C0F6B0B9CC}.Release|Any CPU.Build.0 = Release|Any CPU
		{6E11502C-D0AB-45DE-B20A-07F0A8654336}.Debug|Any CPU.ActiveCfg = Debug|Any CPU
		{6E11502C-D0AB-45DE-B20A-07F0A8654336}.Debug|Any CPU.Build.0 = Debug|Any CPU
		{6E11502C-D0AB-45DE-B20A-07F0A8654336}.Release|Any CPU.ActiveCfg = Release|Any CPU
		{6E11502C-D0AB-45DE-B20A-07F0A8654336}.Release|Any CPU.Build.0 = Release|Any CPU
		{CC4E2469-289A-48D7-B4A5-33DE1B442B45}.Debug|Any CPU.ActiveCfg = Debug|Any CPU
		{CC4E2469-289A-48D7-B4A5-33DE1B442B45}.Debug|Any CPU.Build.0 = Debug|Any CPU
		{CC4E2469-289A-48D7-B4A5-33DE1B442B45}.Release|Any CPU.ActiveCfg = Release|Any CPU
		{CC4E2469-289A-48D7-B4A5-33DE1B442B45}.Release|Any CPU.Build.0 = Release|Any CPU
		{96F30DFA-D6A4-4E96-B6D9-58F99DAADB2F}.Debug|Any CPU.ActiveCfg = Debug|Any CPU
		{96F30DFA-D6A4-4E96-B6D9-58F99DAADB2F}.Debug|Any CPU.Build.0 = Debug|Any CPU
		{96F30DFA-D6A4-4E96-B6D9-58F99DAADB2F}.Release|Any CPU.ActiveCfg = Release|Any CPU
		{96F30DFA-D6A4-4E96-B6D9-58F99DAADB2F}.Release|Any CPU.Build.0 = Release|Any CPU
		{DC1C151C-99B0-4455-9B90-5A42D6BDB437}.Debug|Any CPU.ActiveCfg = Debug|Any CPU
		{DC1C151C-99B0-4455-9B90-5A42D6BDB437}.Debug|Any CPU.Build.0 = Debug|Any CPU
		{DC1C151C-99B0-4455-9B90-5A42D6BDB437}.Release|Any CPU.ActiveCfg = Release|Any CPU
		{DC1C151C-99B0-4455-9B90-5A42D6BDB437}.Release|Any CPU.Build.0 = Release|Any CPU
		{22EFF6F8-B62D-4DC4-B57D-EAF1B5DCCC4B}.Debug|Any CPU.ActiveCfg = Debug|Any CPU
		{22EFF6F8-B62D-4DC4-B57D-EAF1B5DCCC4B}.Debug|Any CPU.Build.0 = Debug|Any CPU
		{22EFF6F8-B62D-4DC4-B57D-EAF1B5DCCC4B}.Release|Any CPU.ActiveCfg = Release|Any CPU
		{22EFF6F8-B62D-4DC4-B57D-EAF1B5DCCC4B}.Release|Any CPU.Build.0 = Release|Any CPU
		{1367BE66-B605-4868-A67A-3C3F06B0277A}.Debug|Any CPU.ActiveCfg = Debug|Any CPU
		{1367BE66-B605-4868-A67A-3C3F06B0277A}.Debug|Any CPU.Build.0 = Debug|Any CPU
		{1367BE66-B605-4868-A67A-3C3F06B0277A}.Release|Any CPU.ActiveCfg = Release|Any CPU
		{1367BE66-B605-4868-A67A-3C3F06B0277A}.Release|Any CPU.Build.0 = Release|Any CPU
		{44C3B67F-9D0C-426A-AEA2-7822CC2303A1}.Debug|Any CPU.ActiveCfg = Debug|Any CPU
		{44C3B67F-9D0C-426A-AEA2-7822CC2303A1}.Debug|Any CPU.Build.0 = Debug|Any CPU
		{44C3B67F-9D0C-426A-AEA2-7822CC2303A1}.Release|Any CPU.ActiveCfg = Release|Any CPU
		{44C3B67F-9D0C-426A-AEA2-7822CC2303A1}.Release|Any CPU.Build.0 = Release|Any CPU
		{53709FCC-2FFB-4DCF-BB24-7F5FD0D48DC0}.Debug|Any CPU.ActiveCfg = Debug|Any CPU
		{53709FCC-2FFB-4DCF-BB24-7F5FD0D48DC0}.Debug|Any CPU.Build.0 = Debug|Any CPU
		{53709FCC-2FFB-4DCF-BB24-7F5FD0D48DC0}.Release|Any CPU.ActiveCfg = Release|Any CPU
		{53709FCC-2FFB-4DCF-BB24-7F5FD0D48DC0}.Release|Any CPU.Build.0 = Release|Any CPU
		{01F33B73-CDE6-41CA-B0F3-F492EA1D53DE}.Debug|Any CPU.ActiveCfg = Debug|Any CPU
		{01F33B73-CDE6-41CA-B0F3-F492EA1D53DE}.Debug|Any CPU.Build.0 = Debug|Any CPU
		{01F33B73-CDE6-41CA-B0F3-F492EA1D53DE}.Release|Any CPU.ActiveCfg = Release|Any CPU
		{01F33B73-CDE6-41CA-B0F3-F492EA1D53DE}.Release|Any CPU.Build.0 = Release|Any CPU
	EndGlobalSection
	GlobalSection(SolutionProperties) = preSolution
		HideSolutionNode = FALSE
	EndGlobalSection
	GlobalSection(NestedProjects) = preSolution
		{DF428EBA-FCA9-41B0-8E7F-51EBAD991423} = {E105A163-9660-4A89-8CA9-C242762B8613}
		{91FB1838-D738-4591-8E01-2F201BEAA8E3} = {E105A163-9660-4A89-8CA9-C242762B8613}
		{02AD807B-E1D5-42F5-A50E-F7A5D45D9AD0} = {E105A163-9660-4A89-8CA9-C242762B8613}
		{61A7C54D-ED29-4334-AE18-6190C9ECA56F} = {E105A163-9660-4A89-8CA9-C242762B8613}
		{E99DCDA2-FB3F-4CBB-8784-2D93DFBFE546} = {E105A163-9660-4A89-8CA9-C242762B8613}
		{6E11502C-D0AB-45DE-B20A-07F0A8654336} = {76FD4AE7-DA80-4244-8A1A-784DD49F9894}
		{CC4E2469-289A-48D7-B4A5-33DE1B442B45} = {76FD4AE7-DA80-4244-8A1A-784DD49F9894}
		{1367BE66-B605-4868-A67A-3C3F06B0277A} = {E105A163-9660-4A89-8CA9-C242762B8613}
		{53709FCC-2FFB-4DCF-BB24-7F5FD0D48DC0} = {E105A163-9660-4A89-8CA9-C242762B8613}
	EndGlobalSection
	GlobalSection(ExtensibilityGlobals) = postSolution
		SolutionGuid = {BD20DE54-1131-41A3-9F1B-37B742A8FA09}
	EndGlobalSection
EndGlobal
