Microsoft Visual Studio Solution File, Format Version 12.00
# Visual Studio Version 17
VisualStudioVersion = 17.8.34330.188
MinimumVisualStudioVersion = 10.0.40219.1
Project("{9A19103F-16F7-4668-BE54-9A1E7A4F7556}") = "Tenon.Repository.EfCore", "Tenon.Repository.EfCore\Tenon.Repository.EfCore.csproj", "{0F45B922-9394-4FC1-8D74-B9FB3D495C6A}"
EndProject
Project("{2150E333-8FDC-42A3-9474-1A3956D46DE8}") = "Tests", "Tests", "{E105A163-9660-4A89-8CA9-C242762B8613}"
EndProject
Project("{9A19103F-16F7-4668-BE54-9A1E7A4F7556}") = "Tenon.Repository", "Tenon.Repository\Tenon.Repository.csproj", "{7FDFFDCC-11C0-4034-B65A-A70680AB5F20}"
EndProject
Project("{2150E333-8FDC-42A3-9474-1A3956D46DE8}") = "Solution Items", "Solution Items", "{16309650-073B-49E8-B044-D0098E84B640}"
	ProjectSection(SolutionItems) = preProject
		common.props = common.props
		nuget.props = nuget.props
		version.props = version.props
	EndProjectSection
EndProject
Project("{9A19103F-16F7-4668-BE54-9A1E7A4F7556}") = "Tenon.Repository.EfCore.MySql", "Tenon.Repository.EfCore.MySql\Tenon.Repository.EfCore.MySql.csproj", "{DC165CD3-8105-446E-AA87-45290052DA5C}"
EndProject
Project("{9A19103F-16F7-4668-BE54-9A1E7A4F7556}") = "Tenon.Repository.EfCore.Sqlite", "Tenon.Repository.EfCore.Sqlite\Tenon.Repository.EfCore.Sqlite.csproj", "{2CAF90E6-D498-48B9-A628-9A19C3D3786F}"
EndProject
Project("{9A19103F-16F7-4668-BE54-9A1E7A4F7556}") = "Tenon.Repository.EfCore.MySqlTests", "..\test\Tenon.Repository.EfCore.MySqlTests\Tenon.Repository.EfCore.MySqlTests.csproj", "{DF428EBA-FCA9-41B0-8E7F-51EBAD991423}"
EndProject
Project("{9A19103F-16F7-4668-BE54-9A1E7A4F7556}") = "Tenon.Repository.EfCore.SqliteTests", "..\test\Tenon.Repository.EfCore.SqliteTests\Tenon.Repository.EfCore.SqliteTests.csproj", "{91FB1838-D738-4591-8E01-2F201BEAA8E3}"
EndProject
Project("{9A19103F-16F7-4668-BE54-9A1E7A4F7556}") = "Tenon.Redis.StackExchangeProviderTests", "..\test\Tenon.Redis.StackExchangeProviderTests\Tenon.Redis.StackExchangeProviderTests.csproj", "{02AD807B-E1D5-42F5-A50E-F7A5D45D9AD0}"
EndProject
Project("{9A19103F-16F7-4668-BE54-9A1E7A4F7556}") = "Tenon.Caching.Redis", "Tenon.Caching.Redis\Tenon.Caching.Redis.csproj", "{E2257EB0-D4B2-4062-9A43-AC50F1EE5B38}"
EndProject
Project("{9A19103F-16F7-4668-BE54-9A1E7A4F7556}") = "Tenon.Serialization.Json", "Tenon.Serialization.Json\Tenon.Serialization.Json.csproj", "{28923138-3EAC-43DF-BBF5-29DD2FF88427}"
EndProject
Project("{9A19103F-16F7-4668-BE54-9A1E7A4F7556}") = "Tenon.DistributedId.Snowflake", "Tenon.DistributedId.Snowflake\Tenon.DistributedId.Snowflake.csproj", "{DF9C2F2A-372E-41FA-B651-D589A911F88D}"
EndProject
Project("{9A19103F-16F7-4668-BE54-9A1E7A4F7556}") = "Tenon.DistributedLocker.Redis", "Tenon.DistributedLocker.Redis\Tenon.DistributedLocker.Redis.csproj", "{B1BB9D1F-FDDF-4C90-962F-ECC0959037FE}"
EndProject
Project("{9A19103F-16F7-4668-BE54-9A1E7A4F7556}") = "Tenon.BloomFilter.Redis", "Tenon.BloomFilter.Redis\Tenon.BloomFilter.Redis.csproj", "{0DA6E0A5-FD85-407C-9622-19F181488102}"
EndProject
Project("{9A19103F-16F7-4668-BE54-9A1E7A4F7556}") = "Tenon.EventBus.Cap", "Tenon.EventBus.Cap\Tenon.EventBus.Cap.csproj", "{E87A95C8-471C-4342-9309-C90003B577A3}"
EndProject
Project("{9A19103F-16F7-4668-BE54-9A1E7A4F7556}") = "Tenon.Caching.RedisStackExchange", "Tenon.Caching.RedisStackExchange\Tenon.Caching.RedisStackExchange.csproj", "{7F7CFB78-7812-4B63-9375-215B537B5CC5}"
EndProject
Project("{9A19103F-16F7-4668-BE54-9A1E7A4F7556}") = "Tenon.Caching.RedisStackExchangeTests", "..\test\Tenon.Caching.RedisStackExchangeTests\Tenon.Caching.RedisStackExchangeTests.csproj", "{E99DCDA2-FB3F-4CBB-8784-2D93DFBFE546}"
EndProject
Project("{2150E333-8FDC-42A3-9474-1A3956D46DE8}") = "Samples", "Samples", "{76FD4AE7-DA80-4244-8A1A-784DD49F9894}"
EndProject
Project("{9A19103F-16F7-4668-BE54-9A1E7A4F7556}") = "ConsulSample", "..\samples\ConsulSample\ConsulSample.csproj", "{6E11502C-D0AB-45DE-B20A-07F0A8654336}"
EndProject
Project("{9A19103F-16F7-4668-BE54-9A1E7A4F7556}") = "ConsulRefitSample", "..\samples\ConsulRefitSample\ConsulRefitSample.csproj", "{CC4E2469-289A-48D7-B4A5-33DE1B442B45}"
EndProject
Project("{9A19103F-16F7-4668-BE54-9A1E7A4F7556}") = "Tenon.BloomFilter.RedisStackExchange", "Tenon.BloomFilter.RedisStackExchange\Tenon.BloomFilter.RedisStackExchange.csproj", "{22EFF6F8-B62D-4DC4-B57D-EAF1B5DCCC4B}"
EndProject
Project("{9A19103F-16F7-4668-BE54-9A1E7A4F7556}") = "Tenon.BloomFilter.RedisStackExchangeTests", "..\test\Tenon.BloomFilter.RedisStackExchangeTests\Tenon.BloomFilter.RedisStackExchangeTests.csproj", "{1367BE66-B605-4868-A67A-3C3F06B0277A}"
EndProject
Project("{9A19103F-16F7-4668-BE54-9A1E7A4F7556}") = "Tenon.DistributedLocker.RedisStackExchange", "Tenon.DistributedLocker.RedisStackExchange\Tenon.DistributedLocker.RedisStackExchange.csproj", "{44C3B67F-9D0C-426A-AEA2-7822CC2303A1}"
EndProject
Project("{9A19103F-16F7-4668-BE54-9A1E7A4F7556}") = "Tenon.DistributedLocker.RedisStackExchangeTests", "..\test\Tenon.DistributedLocker.RedisStackExchangeTests\Tenon.DistributedLocker.RedisStackExchangeTests.csproj", "{53709FCC-2FFB-4DCF-BB24-7F5FD0D48DC0}"
EndProject
Project("{9A19103F-16F7-4668-BE54-9A1E7A4F7556}") = "Tenon.Caching.InMemory", "Tenon.Caching.InMemory\Tenon.Caching.InMemory.csproj", "{01F33B73-CDE6-41CA-B0F3-F492EA1D53DE}"
EndProject
Project("{2150E333-8FDC-42A3-9474-1A3956D46DE8}") = "Infrastructures", "Infrastructures", "{379B9552-4579-4BFD-A50E-F123587A91AE}"
EndProject
Project("{9A19103F-16F7-4668-BE54-9A1E7A4F7556}") = "Tenon.Infra.Redis", "Infrastructures\Tenon.Infra.Redis\Tenon.Infra.Redis.csproj", "{924C8923-A91F-4309-AC25-9FCBF104C693}"
EndProject
Project("{9A19103F-16F7-4668-BE54-9A1E7A4F7556}") = "Tenon.Infra.Redis.StackExchangeProvider", "Infrastructures\Tenon.Infra.Redis.StackExchangeProvider\Tenon.Infra.Redis.StackExchangeProvider.csproj", "{A1BB8CD8-F3FB-4DB5-9FD0-56CBD44DB6D9}"
EndProject
Project("{9A19103F-16F7-4668-BE54-9A1E7A4F7556}") = "Tenon.Infra.Consul", "Infrastructures\Tenon.Infra.Consul\Tenon.Infra.Consul.csproj", "{A74DE0A9-C0EF-4E2D-8FD4-F89000F08BBA}"
EndProject
Project("{9A19103F-16F7-4668-BE54-9A1E7A4F7556}") = "Tenon.Infra.Consul.GrpcClient", "Infrastructures\Tenon.Infra.Consul.GrpcClient\Tenon.Infra.Consul.GrpcClient.csproj", "{E67EDB06-3380-405D-885B-7983E81C3CBF}"
EndProject
Project("{9A19103F-16F7-4668-BE54-9A1E7A4F7556}") = "Tenon.Infra.Consul.RefitClient", "Infrastructures\Tenon.Infra.Consul.RefitClient\Tenon.Infra.Consul.RefitClient.csproj", "{C82A6412-1022-43C0-B615-FFA9AEA43E62}"
EndProject
Project("{9A19103F-16F7-4668-BE54-9A1E7A4F7556}") = "Tenon.Infra.RabbitMq", "Infrastructures\Tenon.Infra.RabbitMq\Tenon.Infra.RabbitMq.csproj", "{19B8088C-E34A-4F09-A050-182319FF474F}"
EndProject
Project("{2150E333-8FDC-42A3-9474-1A3956D46DE8}") = "Extensions", "Extensions", "{8F47DBC9-9B92-4C83-B058-EA0EF909FAA9}"
EndProject
Project("{9A19103F-16F7-4668-BE54-9A1E7A4F7556}") = "Tenon.StackExchange.Redis.Extensions", "Extensions\Tenon.StackExchange.Redis.Extensions\Tenon.StackExchange.Redis.Extensions.csproj", "{12168609-C749-4D3C-B6DA-94DE8ED04025}"
EndProject
Project("{9A19103F-16F7-4668-BE54-9A1E7A4F7556}") = "Tenon.Extensions", "Extensions\Tenon.Extensions\Tenon.Extensions.csproj", "{9D75EA2C-35A6-41F5-BF45-FD46C5367DDD}"
EndProject
Project("{2150E333-8FDC-42A3-9474-1A3956D46DE8}") = "Helpers", "Helpers", "{1B964A23-1277-4B7F-B223-63C93F2BEFE9}"
EndProject
Project("{2150E333-8FDC-42A3-9474-1A3956D46DE8}") = "Models", "Models", "{FFED6C80-5C33-40E4-84D9-3DBB953A411A}"
EndProject
Project("{9A19103F-16F7-4668-BE54-9A1E7A4F7556}") = "Tenon.Helper", "Helpers\Tenon.Helper\Tenon.Helper.csproj", "{E132D254-AE19-4F94-BE46-E1288F5C2541}"
EndProject
Project("{9A19103F-16F7-4668-BE54-9A1E7A4F7556}") = "Tenon.Models", "Models\Tenon.Models\Tenon.Models.csproj", "{B99E35B3-3B33-436E-99E2-E4283DDD6C60}"
EndProject
Project("{2150E333-8FDC-42A3-9474-1A3956D46DE8}") = "Abstractions", "Abstractions", "{73FC2D37-C4FE-4DD4-AA4C-2484EA04769C}"
EndProject
Project("{9A19103F-16F7-4668-BE54-9A1E7A4F7556}") = "Tenon.Abstractions", "Abstractions\Tenon.Abstractions\Tenon.Abstractions.csproj", "{93068429-D35E-43A2-ABDD-E38582E793C3}"
EndProject
Project("{9A19103F-16F7-4668-BE54-9A1E7A4F7556}") = "Tenon.BloomFilter.Abstractions", "Abstractions\Tenon.BloomFilter.Abstractions\Tenon.BloomFilter.Abstractions.csproj", "{51439AF4-781A-4AE3-8456-4B49066AFC41}"
EndProject
Project("{9A19103F-16F7-4668-BE54-9A1E7A4F7556}") = "Tenon.DistributedId.Abstractions", "Abstractions\Tenon.DistributedId.Abstractions\Tenon.DistributedId.Abstractions.csproj", "{E76180CB-0404-4A4A-B4DC-FDAF27B7ADC5}"
EndProject
Project("{9A19103F-16F7-4668-BE54-9A1E7A4F7556}") = "Tenon.DistributedLocker.Abstractions", "Abstractions\Tenon.DistributedLocker.Abstractions\Tenon.DistributedLocker.Abstractions.csproj", "{2CAAA857-1040-40FA-ADEA-19E9B02FB229}"
EndProject
Project("{9A19103F-16F7-4668-BE54-9A1E7A4F7556}") = "Tenon.EventBus.Abstractions", "Abstractions\Tenon.EventBus.Abstractions\Tenon.EventBus.Abstractions.csproj", "{648C251D-F34A-4891-926A-FCF6491CE9FA}"
EndProject
Project("{9A19103F-16F7-4668-BE54-9A1E7A4F7556}") = "Tenon.Serialization.Abstractions", "Abstractions\Tenon.Serialization.Abstractions\Tenon.Serialization.Abstractions.csproj", "{99327B12-EF07-4B9B-A22E-77BE1B4C98EA}"
EndProject
Project("{9A19103F-16F7-4668-BE54-9A1E7A4F7556}") = "Tenon.Caching.Abstractions", "Abstractions\Tenon.Caching.Abstractions\Tenon.Caching.Abstractions.csproj", "{D2F0250F-F9FD-4435-86FC-3D982360B37D}"
EndProject
Project("{9A19103F-16F7-4668-BE54-9A1E7A4F7556}") = "Tenon.AspNetCore", "Tenon.AspNetCore\Tenon.AspNetCore.csproj", "{CEFB0F51-B1BD-4032-AE1A-D395EBF66FBF}"
EndProject
Project("{9A19103F-16F7-4668-BE54-9A1E7A4F7556}") = "Tenon.Infra.Kafka", "Infrastructures\Tenon.Infra.Kafka\Tenon.Infra.Kafka.csproj", "{DF1BE1FB-30D0-49B7-AA87-3C83F874520D}"
EndProject
Project("{9A19103F-16F7-4668-BE54-9A1E7A4F7556}") = "WebApiSample", "..\samples\WebApiSample\WebApiSample.csproj", "{C11B0EC6-FB31-4297-B6E5-B331EFFE2332}"
EndProject
Project("{9A19103F-16F7-4668-BE54-9A1E7A4F7556}") = "WebApiJwtBearerSample", "..\samples\WebApiJwtBearerSample\WebApiJwtBearerSample.csproj", "{30E99ADB-3D05-420F-A554-6BA48B6CA6C4}"
EndProject
Project("{9A19103F-16F7-4668-BE54-9A1E7A4F7556}") = "Tenon.Infra.Serilog", "Infrastructures\Tenon.Infra.Serilog\Tenon.Infra.Serilog.csproj", "{567503FB-6A50-4664-A2A2-B10FDBD39E94}"
EndProject
Project("{9A19103F-16F7-4668-BE54-9A1E7A4F7556}") = "Tenon.MessageTracker.Abstractions", "Abstractions\Tenon.MessageTracker.Abstractions\Tenon.MessageTracker.Abstractions.csproj", "{35942528-5EE2-4AD0-AAD2-D9EA2FE7A486}"
EndProject
Project("{9A19103F-16F7-4668-BE54-9A1E7A4F7556}") = "Tenon.Infra.Ocelot", "Infrastructures\Tenon.Infra.Ocelot\Tenon.Infra.Ocelot.csproj", "{CA630FBD-4EE9-421B-B233-584C66945810}"
EndProject
Project("{2150E333-8FDC-42A3-9474-1A3956D46DE8}") = "RabbitMq", "RabbitMq", "{D5D373F5-4063-4B5B-84E8-F1A8FC1DB52D}"
EndProject
Project("{9A19103F-16F7-4668-BE54-9A1E7A4F7556}") = "RabbitMqDirectExchangeSample", "..\samples\RabbitMq\RabbitMqDirectExchangeSample\RabbitMqDirectExchangeSample.csproj", "{079DF071-5EBA-4FA6-85AA-C0BC71361EF6}"
EndProject
Project("{9A19103F-16F7-4668-BE54-9A1E7A4F7556}") = "Tenon.Infra.Polly", "Infrastructures\Tenon.Infra.Polly\Tenon.Infra.Polly.csproj", "{25AA4890-D87B-4637-9415-54D8501D167C}"
EndProject
Project("{9A19103F-16F7-4668-BE54-9A1E7A4F7556}") = "Tenon.MessageTracker.EfCore", "Tenon.MessageTracker.EfCore\Tenon.MessageTracker.EfCore.csproj", "{6B935A34-EB9E-414B-B58E-98803B54B6B1}"
EndProject
Project("{9A19103F-16F7-4668-BE54-9A1E7A4F7556}") = "SnowflakeSample", "..\samples\SnowflakeSample\SnowflakeSample.csproj", "{32A28DB1-AF13-4C61-816D-1215279E408C}"
EndProject
Project("{9A19103F-16F7-4668-BE54-9A1E7A4F7556}") = "Tenon.FluentValidation.Extensions", "Extensions\Tenon.FluentValidation.Extensions\Tenon.FluentValidation.Extensions.csproj", "{1FDCA674-EE23-4AD9-A8E3-8DF54B42B27B}"
EndProject
Project("{9A19103F-16F7-4668-BE54-9A1E7A4F7556}") = "Tenon.AspNetCore.Abstractions", "Tenon.AspNetCore.Abstractions\Tenon.AspNetCore.Abstractions.csproj", "{74C1507E-A040-43D0-A177-BF884982786D}"
EndProject
Project("{2150E333-8FDC-42A3-9474-1A3956D46DE8}") = "Templates", "Templates", "{393D37F7-A29E-4222-840A-F29D420A9A4A}"
EndProject
Project("{2150E333-8FDC-42A3-9474-1A3956D46DE8}") = "WebApiCleanArchitecture", "WebApiCleanArchitecture", "{340CE2E4-0FF5-48EE-87E5-171BB4E0382C}"
EndProject
Project("{9A19103F-16F7-4668-BE54-9A1E7A4F7556}") = "CleanArchitecture.Identity.Repository", "..\templates\WebApiCleanArchitecture\CleanArchitecture.Identity.Repository\CleanArchitecture.Identity.Repository.csproj", "{83FBB4E6-5B14-4DFC-BD22-499899EB8445}"
EndProject
Project("{9A19103F-16F7-4668-BE54-9A1E7A4F7556}") = "CleanArchitecture.Identity.Application", "..\templates\WebApiCleanArchitecture\CleanArchitecture.Identity.Application\CleanArchitecture.Identity.Application.csproj", "{816AA992-52D0-46DE-B1DB-342BD62EA5B1}"
EndProject
Project("{9A19103F-16F7-4668-BE54-9A1E7A4F7556}") = "CleanArchitecture.Identity.Api", "..\templates\WebApiCleanArchitecture\CleanArchitecture.Identity.Api\CleanArchitecture.Identity.Api.csproj", "{A8ECB65C-14CD-4EBD-86DD-32BC374ACFEC}"
EndProject
Project("{9A19103F-16F7-4668-BE54-9A1E7A4F7556}") = "Tenon.AspNetCore.Identity.Extensions", "Extensions\Tenon.AspNetCore.Identity.Extensions\Tenon.AspNetCore.Identity.Extensions.csproj", "{9FDB8FC6-72BA-4496-9362-62631DE9AEC9}"
EndProject
Project("{9A19103F-16F7-4668-BE54-9A1E7A4F7556}") = "Tenon.AspNetCore.Identity.EfCore.Sqlite.Extensions", "Extensions\Tenon.AspNetCore.Identity.EfCore.Sqlite.Extensions\Tenon.AspNetCore.Identity.EfCore.Sqlite.Extensions.csproj", "{6B765DBA-BC7C-4EA0-841F-183B703B43C2}"
EndProject
Project("{9A19103F-16F7-4668-BE54-9A1E7A4F7556}") = "Tenon.Mapper.Abstractions", "Abstractions\Tenon.Mapper.Abstractions\Tenon.Mapper.Abstractions.csproj", "{9A2F975E-47C3-48C2-B28A-7D6C856D37DC}"
EndProject
Project("{9A19103F-16F7-4668-BE54-9A1E7A4F7556}") = "Tenon.Mapper.AutoMapper", "Tenon.Mapper.AutoMapper\Tenon.Mapper.AutoMapper.csproj", "{3B049708-3BB1-4A91-AD29-8EED088763E2}"
EndProject
Project("{9A19103F-16F7-4668-BE54-9A1E7A4F7556}") = "Tenon.Mapper.Mapster", "Tenon.Mapper.Mapster\Tenon.Mapper.Mapster.csproj", "{3C1A3894-1EDC-4EA4-977F-187363FE85DC}"
EndProject
Project("{9A19103F-16F7-4668-BE54-9A1E7A4F7556}") = "Tenon.EntityFrameworkCore.Extensions", "Extensions\Tenon.EntityFrameworkCore.Extensions\Tenon.EntityFrameworkCore.Extensions.csproj", "{06E35103-6016-41A1-89D1-3C32E37B0C6F}"
EndProject
Project("{9A19103F-16F7-4668-BE54-9A1E7A4F7556}") = "Tenon.FluentValidation.AspNetCore.Extensions", "Extensions\Tenon.FluentValidation.AspNetCore.Extensions\Tenon.FluentValidation.AspNetCore.Extensions.csproj", "{B54F3368-4E83-4925-A178-CC0A8FFB879D}"
EndProject
Project("{9A19103F-16F7-4668-BE54-9A1E7A4F7556}") = "Tenon.Caching.Interceptor.Castle", "Tenon.Caching.Interceptor.Castle\Tenon.Caching.Interceptor.Castle.csproj", "{3B1F59E2-D444-4A3D-86A7-32FA01113EBC}"
EndProject
Project("{9A19103F-16F7-4668-BE54-9A1E7A4F7556}") = "Tenon.Infra.Mongo", "Infrastructures\Tenon.Infra.Mongo\Tenon.Infra.Mongo.csproj", "{FD7E6765-B090-4DA8-BBE0-778B11CC98C0}"
EndProject
Project("{9A19103F-16F7-4668-BE54-9A1E7A4F7556}") = "Tenon.Caching.Interceptor.CastleTests", "..\test\Tenon.Caching.Interceptor.CastleTests\Tenon.Caching.Interceptor.CastleTests.csproj", "{6A198AFC-E7AF-4788-8441-03A0563BE6D0}"
EndProject
Project("{2150E333-8FDC-42A3-9474-1A3956D46DE8}") = "Windows", "Windows", "{623C2599-C6CE-4179-98A4-EEA505F38E31}"
EndProject
Project("{9A19103F-16F7-4668-BE54-9A1E7A4F7556}") = "Tenon.Infra.Windows", "Infrastructures\Windows\Tenon.Infra.Windows\Tenon.Infra.Windows.csproj", "{F22BABF9-0359-406E-8D94-194ABB14A402}"
EndProject
Project("{9A19103F-16F7-4668-BE54-9A1E7A4F7556}") = "Tenon.Infra.Windows.Win32", "Infrastructures\Windows\Tenon.Infra.Windows.Win32\Tenon.Infra.Windows.Win32.csproj", "{5EBC5BF2-649E-4890-884D-764FD5EEF9A3}"
EndProject
Project("{2150E333-8FDC-42A3-9474-1A3956D46DE8}") = "Windows", "Windows", "{1F3E1BC7-395D-4D77-8657-FC552AC852AF}"
EndProject
Project("{9A19103F-16F7-4668-BE54-9A1E7A4F7556}") = "HookSample", "..\samples\Windows\HookSample\HookSample.csproj", "{805B8319-47AA-4D90-864F-4A7D0D219C67}"
EndProject
Project("{9A19103F-16F7-4668-BE54-9A1E7A4F7556}") = "Tenon.Infra.Windows.Form", "Infrastructures\Windows\Tenon.Infra.Windows.Form\Tenon.Infra.Windows.Form.csproj", "{4DE89E88-BC4D-4CE0-A013-8C1F5D3CDAB0}"
EndProject
Project("{9A19103F-16F7-4668-BE54-9A1E7A4F7556}") = "Tenon.Infra.Windows.ChromiumAccessibility", "Infrastructures\Windows\Tenon.Infra.Windows.ChromiumAccessibility\Tenon.Infra.Windows.ChromiumAccessibility.csproj", "{06B24A75-1AEA-41C6-8312-6FE73A1E4D83}"
EndProject
Project("{2150E333-8FDC-42A3-9474-1A3956D46DE8}") = "Windows", "Windows", "{DE01E264-E91F-40B4-8950-6689AEA0009A}"
EndProject
Project("{9A19103F-16F7-4668-BE54-9A1E7A4F7556}") = "Tenon.Infra.Windows.ChromiumAccessibilityTests", "..\test\Windows\Tenon.Infra.Windows.ChromiumAccessibilityTests\Tenon.Infra.Windows.ChromiumAccessibilityTests.csproj", "{57F2017B-9738-4423-B65E-EB4BC197C04F}"
EndProject
Project("{9A19103F-16F7-4668-BE54-9A1E7A4F7556}") = "Tenon.Puppeteer.Extensions", "Extensions\Tenon.Puppeteer.Extensions\Tenon.Puppeteer.Extensions.csproj", "{C4792B19-FE4F-43C2-B6F5-63B55A3DA2DB}"
EndProject
Project("{9A19103F-16F7-4668-BE54-9A1E7A4F7556}") = "Tenon.Infra.Windows.Win32Tests", "..\test\Windows\Tenon.Infra.Windows.Win32Tests\Tenon.Infra.Windows.Win32Tests.csproj", "{F22B812A-5637-4ABA-90A5-2F3E3604A990}"
EndProject
Project("{9A19103F-16F7-4668-BE54-9A1E7A4F7556}") = "Tenon.Automation.Abstractions", "Abstractions\Tenon.Automation.Abstractions\Tenon.Automation.Abstractions.csproj", "{CA750B9C-BC2E-4F74-84B7-431388E4080D}"
EndProject
Project("{2150E333-8FDC-42A3-9474-1A3956D46DE8}") = "Automation", "Automation", "{B64C047D-5EBC-424D-9B67-71F565188B51}"
EndProject
Project("{2150E333-8FDC-42A3-9474-1A3956D46DE8}") = "Windows", "Windows", "{3DA38811-ECC4-451D-896A-E765E178394E}"
EndProject
Project("{9A19103F-16F7-4668-BE54-9A1E7A4F7556}") = "Tenon.Automation.Windows", "Automation\Windows\Tenon.Automation.Windows\Tenon.Automation.Windows.csproj", "{EDA9EEAA-E386-4EA7-88C3-6806CE64DF53}"
EndProject
Project("{2150E333-8FDC-42A3-9474-1A3956D46DE8}") = "Linux", "Linux", "{7C9D1ADD-3D5B-4376-A0B7-45675C6D0D72}"
EndProject
Project("{2150E333-8FDC-42A3-9474-1A3956D46DE8}") = "macOS", "macOS", "{29E95F29-D353-4F79-879C-47505B6DB463}"
EndProject
Project("{2150E333-8FDC-42A3-9474-1A3956D46DE8}") = "Linux", "Linux", "{1F7E5F77-9D67-41F4-AE3E-DAA0CA8D24C5}"
EndProject
Project("{9A19103F-16F7-4668-BE54-9A1E7A4F7556}") = "Tenon.Infra.Linux.X11", "Infrastructures\Linux\Tenon.Infra.Linux.X11\Tenon.Infra.Linux.X11.csproj", "{7A4A9AE5-28C2-4CCA-88CB-6131824365B6}"
EndProject
Project("{9A19103F-16F7-4668-BE54-9A1E7A4F7556}") = "AutomationSample", "..\samples\Windows\AutomationSample\AutomationSample.csproj", "{E37BDC07-A867-4FA5-B0AD-267DC8E64F21}"
EndProject
Project("{9A19103F-16F7-4668-BE54-9A1E7A4F7556}") = "Tenon.Infra.Swagger", "Infrastructures\Tenon.Infra.Swagger\Tenon.Infra.Swagger.csproj", "{CC485B42-BF40-4041-B3FD-E43969B7823D}"
EndProject
Project("{9A19103F-16F7-4668-BE54-9A1E7A4F7556}") = "CleanArchitecture.Identity.Gateway", "..\templates\WebApiCleanArchitecture\CleanArchitecture.Identity.Gateway\CleanArchitecture.Identity.Gateway.csproj", "{952FFBE9-72E0-44F4-A31A-702E8C0123EB}"
EndProject
Project("{9A19103F-16F7-4668-BE54-9A1E7A4F7556}") = "PuppeteerSample", "..\samples\Windows\PuppeteerSample\PuppeteerSample.csproj", "{21E21CE4-7264-4390-BD2B-3DC3968F124E}"
EndProject
Project("{9A19103F-16F7-4668-BE54-9A1E7A4F7556}") = "Win32Sample", "..\samples\Windows\Win32Sample\Win32Sample.csproj", "{730F3C7B-4C9C-4315-87CD-581885E84FC0}"
EndProject
Project("{9A19103F-16F7-4668-BE54-9A1E7A4F7556}") = "Tenon.AspNetCore.Authentication.Google.Extensions", "Extensions\Tenon.AspNetCore.Authentication.Google.Extensions\Tenon.AspNetCore.Authentication.Google.Extensions.csproj", "{EEF63DF5-1B57-4972-B23F-40F76261E1B5}"
EndProject
Project("{2150E333-8FDC-42A3-9474-1A3956D46DE8}") = "Windows", "Windows", "{10261A0A-A64C-40F1-AF54-453AAB53A045}"
EndProject
Project("{9A19103F-16F7-4668-BE54-9A1E7A4F7556}") = "Tenon.Windows.Puppeteer.Extensions", "Extensions\Windows\Tenon.Windows.Puppeteer.Extensions\Tenon.Windows.Puppeteer.Extensions.csproj", "{D71C005B-94B3-473B-996F-345134B41B82}"
EndProject
Global
	GlobalSection(SolutionConfigurationPlatforms) = preSolution
		Debug|Any CPU = Debug|Any CPU
		Release|Any CPU = Release|Any CPU
	EndGlobalSection
	GlobalSection(ProjectConfigurationPlatforms) = postSolution
		{0F45B922-9394-4FC1-8D74-B9FB3D495C6A}.Debug|Any CPU.ActiveCfg = Debug|Any CPU
		{0F45B922-9394-4FC1-8D74-B9FB3D495C6A}.Debug|Any CPU.Build.0 = Debug|Any CPU
		{0F45B922-9394-4FC1-8D74-B9FB3D495C6A}.Release|Any CPU.ActiveCfg = Release|Any CPU
		{0F45B922-9394-4FC1-8D74-B9FB3D495C6A}.Release|Any CPU.Build.0 = Release|Any CPU
		{7FDFFDCC-11C0-4034-B65A-A70680AB5F20}.Debug|Any CPU.ActiveCfg = Debug|Any CPU
		{7FDFFDCC-11C0-4034-B65A-A70680AB5F20}.Debug|Any CPU.Build.0 = Debug|Any CPU
		{7FDFFDCC-11C0-4034-B65A-A70680AB5F20}.Release|Any CPU.ActiveCfg = Release|Any CPU
		{7FDFFDCC-11C0-4034-B65A-A70680AB5F20}.Release|Any CPU.Build.0 = Release|Any CPU
		{DC165CD3-8105-446E-AA87-45290052DA5C}.Debug|Any CPU.ActiveCfg = Debug|Any CPU
		{DC165CD3-8105-446E-AA87-45290052DA5C}.Debug|Any CPU.Build.0 = Debug|Any CPU
		{DC165CD3-8105-446E-AA87-45290052DA5C}.Release|Any CPU.ActiveCfg = Release|Any CPU
		{DC165CD3-8105-446E-AA87-45290052DA5C}.Release|Any CPU.Build.0 = Release|Any CPU
		{2CAF90E6-D498-48B9-A628-9A19C3D3786F}.Debug|Any CPU.ActiveCfg = Debug|Any CPU
		{2CAF90E6-D498-48B9-A628-9A19C3D3786F}.Debug|Any CPU.Build.0 = Debug|Any CPU
		{2CAF90E6-D498-48B9-A628-9A19C3D3786F}.Release|Any CPU.ActiveCfg = Release|Any CPU
		{2CAF90E6-D498-48B9-A628-9A19C3D3786F}.Release|Any CPU.Build.0 = Release|Any CPU
		{DF428EBA-FCA9-41B0-8E7F-51EBAD991423}.Debug|Any CPU.ActiveCfg = Debug|Any CPU
		{DF428EBA-FCA9-41B0-8E7F-51EBAD991423}.Debug|Any CPU.Build.0 = Debug|Any CPU
		{DF428EBA-FCA9-41B0-8E7F-51EBAD991423}.Release|Any CPU.ActiveCfg = Release|Any CPU
		{DF428EBA-FCA9-41B0-8E7F-51EBAD991423}.Release|Any CPU.Build.0 = Release|Any CPU
		{91FB1838-D738-4591-8E01-2F201BEAA8E3}.Debug|Any CPU.ActiveCfg = Debug|Any CPU
		{91FB1838-D738-4591-8E01-2F201BEAA8E3}.Debug|Any CPU.Build.0 = Debug|Any CPU
		{91FB1838-D738-4591-8E01-2F201BEAA8E3}.Release|Any CPU.ActiveCfg = Release|Any CPU
		{91FB1838-D738-4591-8E01-2F201BEAA8E3}.Release|Any CPU.Build.0 = Release|Any CPU
		{02AD807B-E1D5-42F5-A50E-F7A5D45D9AD0}.Debug|Any CPU.ActiveCfg = Debug|Any CPU
		{02AD807B-E1D5-42F5-A50E-F7A5D45D9AD0}.Debug|Any CPU.Build.0 = Debug|Any CPU
		{02AD807B-E1D5-42F5-A50E-F7A5D45D9AD0}.Release|Any CPU.ActiveCfg = Release|Any CPU
		{02AD807B-E1D5-42F5-A50E-F7A5D45D9AD0}.Release|Any CPU.Build.0 = Release|Any CPU
		{E2257EB0-D4B2-4062-9A43-AC50F1EE5B38}.Debug|Any CPU.ActiveCfg = Debug|Any CPU
		{E2257EB0-D4B2-4062-9A43-AC50F1EE5B38}.Debug|Any CPU.Build.0 = Debug|Any CPU
		{E2257EB0-D4B2-4062-9A43-AC50F1EE5B38}.Release|Any CPU.ActiveCfg = Release|Any CPU
		{E2257EB0-D4B2-4062-9A43-AC50F1EE5B38}.Release|Any CPU.Build.0 = Release|Any CPU
		{28923138-3EAC-43DF-BBF5-29DD2FF88427}.Debug|Any CPU.ActiveCfg = Debug|Any CPU
		{28923138-3EAC-43DF-BBF5-29DD2FF88427}.Debug|Any CPU.Build.0 = Debug|Any CPU
		{28923138-3EAC-43DF-BBF5-29DD2FF88427}.Release|Any CPU.ActiveCfg = Release|Any CPU
		{28923138-3EAC-43DF-BBF5-29DD2FF88427}.Release|Any CPU.Build.0 = Release|Any CPU
		{DF9C2F2A-372E-41FA-B651-D589A911F88D}.Debug|Any CPU.ActiveCfg = Debug|Any CPU
		{DF9C2F2A-372E-41FA-B651-D589A911F88D}.Debug|Any CPU.Build.0 = Debug|Any CPU
		{DF9C2F2A-372E-41FA-B651-D589A911F88D}.Release|Any CPU.ActiveCfg = Release|Any CPU
		{DF9C2F2A-372E-41FA-B651-D589A911F88D}.Release|Any CPU.Build.0 = Release|Any CPU
		{B1BB9D1F-FDDF-4C90-962F-ECC0959037FE}.Debug|Any CPU.ActiveCfg = Debug|Any CPU
		{B1BB9D1F-FDDF-4C90-962F-ECC0959037FE}.Debug|Any CPU.Build.0 = Debug|Any CPU
		{B1BB9D1F-FDDF-4C90-962F-ECC0959037FE}.Release|Any CPU.ActiveCfg = Release|Any CPU
		{B1BB9D1F-FDDF-4C90-962F-ECC0959037FE}.Release|Any CPU.Build.0 = Release|Any CPU
		{0DA6E0A5-FD85-407C-9622-19F181488102}.Debug|Any CPU.ActiveCfg = Debug|Any CPU
		{0DA6E0A5-FD85-407C-9622-19F181488102}.Debug|Any CPU.Build.0 = Debug|Any CPU
		{0DA6E0A5-FD85-407C-9622-19F181488102}.Release|Any CPU.ActiveCfg = Release|Any CPU
		{0DA6E0A5-FD85-407C-9622-19F181488102}.Release|Any CPU.Build.0 = Release|Any CPU
		{E87A95C8-471C-4342-9309-C90003B577A3}.Debug|Any CPU.ActiveCfg = Debug|Any CPU
		{E87A95C8-471C-4342-9309-C90003B577A3}.Debug|Any CPU.Build.0 = Debug|Any CPU
		{E87A95C8-471C-4342-9309-C90003B577A3}.Release|Any CPU.ActiveCfg = Release|Any CPU
		{E87A95C8-471C-4342-9309-C90003B577A3}.Release|Any CPU.Build.0 = Release|Any CPU
		{7F7CFB78-7812-4B63-9375-215B537B5CC5}.Debug|Any CPU.ActiveCfg = Debug|Any CPU
		{7F7CFB78-7812-4B63-9375-215B537B5CC5}.Debug|Any CPU.Build.0 = Debug|Any CPU
		{7F7CFB78-7812-4B63-9375-215B537B5CC5}.Release|Any CPU.ActiveCfg = Release|Any CPU
		{7F7CFB78-7812-4B63-9375-215B537B5CC5}.Release|Any CPU.Build.0 = Release|Any CPU
		{E99DCDA2-FB3F-4CBB-8784-2D93DFBFE546}.Debug|Any CPU.ActiveCfg = Debug|Any CPU
		{E99DCDA2-FB3F-4CBB-8784-2D93DFBFE546}.Debug|Any CPU.Build.0 = Debug|Any CPU
		{E99DCDA2-FB3F-4CBB-8784-2D93DFBFE546}.Release|Any CPU.ActiveCfg = Release|Any CPU
		{E99DCDA2-FB3F-4CBB-8784-2D93DFBFE546}.Release|Any CPU.Build.0 = Release|Any CPU
		{6E11502C-D0AB-45DE-B20A-07F0A8654336}.Debug|Any CPU.ActiveCfg = Debug|Any CPU
		{6E11502C-D0AB-45DE-B20A-07F0A8654336}.Debug|Any CPU.Build.0 = Debug|Any CPU
		{6E11502C-D0AB-45DE-B20A-07F0A8654336}.Release|Any CPU.ActiveCfg = Release|Any CPU
		{6E11502C-D0AB-45DE-B20A-07F0A8654336}.Release|Any CPU.Build.0 = Release|Any CPU
		{CC4E2469-289A-48D7-B4A5-33DE1B442B45}.Debug|Any CPU.ActiveCfg = Debug|Any CPU
		{CC4E2469-289A-48D7-B4A5-33DE1B442B45}.Debug|Any CPU.Build.0 = Debug|Any CPU
		{CC4E2469-289A-48D7-B4A5-33DE1B442B45}.Release|Any CPU.ActiveCfg = Release|Any CPU
		{CC4E2469-289A-48D7-B4A5-33DE1B442B45}.Release|Any CPU.Build.0 = Release|Any CPU
		{22EFF6F8-B62D-4DC4-B57D-EAF1B5DCCC4B}.Debug|Any CPU.ActiveCfg = Debug|Any CPU
		{22EFF6F8-B62D-4DC4-B57D-EAF1B5DCCC4B}.Debug|Any CPU.Build.0 = Debug|Any CPU
		{22EFF6F8-B62D-4DC4-B57D-EAF1B5DCCC4B}.Release|Any CPU.ActiveCfg = Release|Any CPU
		{22EFF6F8-B62D-4DC4-B57D-EAF1B5DCCC4B}.Release|Any CPU.Build.0 = Release|Any CPU
		{1367BE66-B605-4868-A67A-3C3F06B0277A}.Debug|Any CPU.ActiveCfg = Debug|Any CPU
		{1367BE66-B605-4868-A67A-3C3F06B0277A}.Debug|Any CPU.Build.0 = Debug|Any CPU
		{1367BE66-B605-4868-A67A-3C3F06B0277A}.Release|Any CPU.ActiveCfg = Release|Any CPU
		{1367BE66-B605-4868-A67A-3C3F06B0277A}.Release|Any CPU.Build.0 = Release|Any CPU
		{44C3B67F-9D0C-426A-AEA2-7822CC2303A1}.Debug|Any CPU.ActiveCfg = Debug|Any CPU
		{44C3B67F-9D0C-426A-AEA2-7822CC2303A1}.Debug|Any CPU.Build.0 = Debug|Any CPU
		{44C3B67F-9D0C-426A-AEA2-7822CC2303A1}.Release|Any CPU.ActiveCfg = Release|Any CPU
		{44C3B67F-9D0C-426A-AEA2-7822CC2303A1}.Release|Any CPU.Build.0 = Release|Any CPU
		{53709FCC-2FFB-4DCF-BB24-7F5FD0D48DC0}.Debug|Any CPU.ActiveCfg = Debug|Any CPU
		{53709FCC-2FFB-4DCF-BB24-7F5FD0D48DC0}.Debug|Any CPU.Build.0 = Debug|Any CPU
		{53709FCC-2FFB-4DCF-BB24-7F5FD0D48DC0}.Release|Any CPU.ActiveCfg = Release|Any CPU
		{53709FCC-2FFB-4DCF-BB24-7F5FD0D48DC0}.Release|Any CPU.Build.0 = Release|Any CPU
		{01F33B73-CDE6-41CA-B0F3-F492EA1D53DE}.Debug|Any CPU.ActiveCfg = Debug|Any CPU
		{01F33B73-CDE6-41CA-B0F3-F492EA1D53DE}.Debug|Any CPU.Build.0 = Debug|Any CPU
		{01F33B73-CDE6-41CA-B0F3-F492EA1D53DE}.Release|Any CPU.ActiveCfg = Release|Any CPU
		{01F33B73-CDE6-41CA-B0F3-F492EA1D53DE}.Release|Any CPU.Build.0 = Release|Any CPU
		{924C8923-A91F-4309-AC25-9FCBF104C693}.Debug|Any CPU.ActiveCfg = Debug|Any CPU
		{924C8923-A91F-4309-AC25-9FCBF104C693}.Debug|Any CPU.Build.0 = Debug|Any CPU
		{924C8923-A91F-4309-AC25-9FCBF104C693}.Release|Any CPU.ActiveCfg = Release|Any CPU
		{924C8923-A91F-4309-AC25-9FCBF104C693}.Release|Any CPU.Build.0 = Release|Any CPU
		{A1BB8CD8-F3FB-4DB5-9FD0-56CBD44DB6D9}.Debug|Any CPU.ActiveCfg = Debug|Any CPU
		{A1BB8CD8-F3FB-4DB5-9FD0-56CBD44DB6D9}.Debug|Any CPU.Build.0 = Debug|Any CPU
		{A1BB8CD8-F3FB-4DB5-9FD0-56CBD44DB6D9}.Release|Any CPU.ActiveCfg = Release|Any CPU
		{A1BB8CD8-F3FB-4DB5-9FD0-56CBD44DB6D9}.Release|Any CPU.Build.0 = Release|Any CPU
		{A74DE0A9-C0EF-4E2D-8FD4-F89000F08BBA}.Debug|Any CPU.ActiveCfg = Debug|Any CPU
		{A74DE0A9-C0EF-4E2D-8FD4-F89000F08BBA}.Debug|Any CPU.Build.0 = Debug|Any CPU
		{A74DE0A9-C0EF-4E2D-8FD4-F89000F08BBA}.Release|Any CPU.ActiveCfg = Release|Any CPU
		{A74DE0A9-C0EF-4E2D-8FD4-F89000F08BBA}.Release|Any CPU.Build.0 = Release|Any CPU
		{E67EDB06-3380-405D-885B-7983E81C3CBF}.Debug|Any CPU.ActiveCfg = Debug|Any CPU
		{E67EDB06-3380-405D-885B-7983E81C3CBF}.Debug|Any CPU.Build.0 = Debug|Any CPU
		{E67EDB06-3380-405D-885B-7983E81C3CBF}.Release|Any CPU.ActiveCfg = Release|Any CPU
		{E67EDB06-3380-405D-885B-7983E81C3CBF}.Release|Any CPU.Build.0 = Release|Any CPU
		{C82A6412-1022-43C0-B615-FFA9AEA43E62}.Debug|Any CPU.ActiveCfg = Debug|Any CPU
		{C82A6412-1022-43C0-B615-FFA9AEA43E62}.Debug|Any CPU.Build.0 = Debug|Any CPU
		{C82A6412-1022-43C0-B615-FFA9AEA43E62}.Release|Any CPU.ActiveCfg = Release|Any CPU
		{C82A6412-1022-43C0-B615-FFA9AEA43E62}.Release|Any CPU.Build.0 = Release|Any CPU
		{19B8088C-E34A-4F09-A050-182319FF474F}.Debug|Any CPU.ActiveCfg = Debug|Any CPU
		{19B8088C-E34A-4F09-A050-182319FF474F}.Debug|Any CPU.Build.0 = Debug|Any CPU
		{19B8088C-E34A-4F09-A050-182319FF474F}.Release|Any CPU.ActiveCfg = Release|Any CPU
		{19B8088C-E34A-4F09-A050-182319FF474F}.Release|Any CPU.Build.0 = Release|Any CPU
		{12168609-C749-4D3C-B6DA-94DE8ED04025}.Debug|Any CPU.ActiveCfg = Debug|Any CPU
		{12168609-C749-4D3C-B6DA-94DE8ED04025}.Debug|Any CPU.Build.0 = Debug|Any CPU
		{12168609-C749-4D3C-B6DA-94DE8ED04025}.Release|Any CPU.ActiveCfg = Release|Any CPU
		{12168609-C749-4D3C-B6DA-94DE8ED04025}.Release|Any CPU.Build.0 = Release|Any CPU
		{9D75EA2C-35A6-41F5-BF45-FD46C5367DDD}.Debug|Any CPU.ActiveCfg = Debug|Any CPU
		{9D75EA2C-35A6-41F5-BF45-FD46C5367DDD}.Debug|Any CPU.Build.0 = Debug|Any CPU
		{9D75EA2C-35A6-41F5-BF45-FD46C5367DDD}.Release|Any CPU.ActiveCfg = Release|Any CPU
		{9D75EA2C-35A6-41F5-BF45-FD46C5367DDD}.Release|Any CPU.Build.0 = Release|Any CPU
		{E132D254-AE19-4F94-BE46-E1288F5C2541}.Debug|Any CPU.ActiveCfg = Debug|Any CPU
		{E132D254-AE19-4F94-BE46-E1288F5C2541}.Debug|Any CPU.Build.0 = Debug|Any CPU
		{E132D254-AE19-4F94-BE46-E1288F5C2541}.Release|Any CPU.ActiveCfg = Release|Any CPU
		{E132D254-AE19-4F94-BE46-E1288F5C2541}.Release|Any CPU.Build.0 = Release|Any CPU
		{B99E35B3-3B33-436E-99E2-E4283DDD6C60}.Debug|Any CPU.ActiveCfg = Debug|Any CPU
		{B99E35B3-3B33-436E-99E2-E4283DDD6C60}.Debug|Any CPU.Build.0 = Debug|Any CPU
		{B99E35B3-3B33-436E-99E2-E4283DDD6C60}.Release|Any CPU.ActiveCfg = Release|Any CPU
		{B99E35B3-3B33-436E-99E2-E4283DDD6C60}.Release|Any CPU.Build.0 = Release|Any CPU
		{93068429-D35E-43A2-ABDD-E38582E793C3}.Debug|Any CPU.ActiveCfg = Debug|Any CPU
		{93068429-D35E-43A2-ABDD-E38582E793C3}.Debug|Any CPU.Build.0 = Debug|Any CPU
		{93068429-D35E-43A2-ABDD-E38582E793C3}.Release|Any CPU.ActiveCfg = Release|Any CPU
		{93068429-D35E-43A2-ABDD-E38582E793C3}.Release|Any CPU.Build.0 = Release|Any CPU
		{51439AF4-781A-4AE3-8456-4B49066AFC41}.Debug|Any CPU.ActiveCfg = Debug|Any CPU
		{51439AF4-781A-4AE3-8456-4B49066AFC41}.Debug|Any CPU.Build.0 = Debug|Any CPU
		{51439AF4-781A-4AE3-8456-4B49066AFC41}.Release|Any CPU.ActiveCfg = Release|Any CPU
		{51439AF4-781A-4AE3-8456-4B49066AFC41}.Release|Any CPU.Build.0 = Release|Any CPU
		{E76180CB-0404-4A4A-B4DC-FDAF27B7ADC5}.Debug|Any CPU.ActiveCfg = Debug|Any CPU
		{E76180CB-0404-4A4A-B4DC-FDAF27B7ADC5}.Debug|Any CPU.Build.0 = Debug|Any CPU
		{E76180CB-0404-4A4A-B4DC-FDAF27B7ADC5}.Release|Any CPU.ActiveCfg = Release|Any CPU
		{E76180CB-0404-4A4A-B4DC-FDAF27B7ADC5}.Release|Any CPU.Build.0 = Release|Any CPU
		{2CAAA857-1040-40FA-ADEA-19E9B02FB229}.Debug|Any CPU.ActiveCfg = Debug|Any CPU
		{2CAAA857-1040-40FA-ADEA-19E9B02FB229}.Debug|Any CPU.Build.0 = Debug|Any CPU
		{2CAAA857-1040-40FA-ADEA-19E9B02FB229}.Release|Any CPU.ActiveCfg = Release|Any CPU
		{2CAAA857-1040-40FA-ADEA-19E9B02FB229}.Release|Any CPU.Build.0 = Release|Any CPU
		{648C251D-F34A-4891-926A-FCF6491CE9FA}.Debug|Any CPU.ActiveCfg = Debug|Any CPU
		{648C251D-F34A-4891-926A-FCF6491CE9FA}.Debug|Any CPU.Build.0 = Debug|Any CPU
		{648C251D-F34A-4891-926A-FCF6491CE9FA}.Release|Any CPU.ActiveCfg = Release|Any CPU
		{648C251D-F34A-4891-926A-FCF6491CE9FA}.Release|Any CPU.Build.0 = Release|Any CPU
		{99327B12-EF07-4B9B-A22E-77BE1B4C98EA}.Debug|Any CPU.ActiveCfg = Debug|Any CPU
		{99327B12-EF07-4B9B-A22E-77BE1B4C98EA}.Debug|Any CPU.Build.0 = Debug|Any CPU
		{99327B12-EF07-4B9B-A22E-77BE1B4C98EA}.Release|Any CPU.ActiveCfg = Release|Any CPU
		{99327B12-EF07-4B9B-A22E-77BE1B4C98EA}.Release|Any CPU.Build.0 = Release|Any CPU
		{D2F0250F-F9FD-4435-86FC-3D982360B37D}.Debug|Any CPU.ActiveCfg = Debug|Any CPU
		{D2F0250F-F9FD-4435-86FC-3D982360B37D}.Debug|Any CPU.Build.0 = Debug|Any CPU
		{D2F0250F-F9FD-4435-86FC-3D982360B37D}.Release|Any CPU.ActiveCfg = Release|Any CPU
		{D2F0250F-F9FD-4435-86FC-3D982360B37D}.Release|Any CPU.Build.0 = Release|Any CPU
		{CEFB0F51-B1BD-4032-AE1A-D395EBF66FBF}.Debug|Any CPU.ActiveCfg = Debug|Any CPU
		{CEFB0F51-B1BD-4032-AE1A-D395EBF66FBF}.Debug|Any CPU.Build.0 = Debug|Any CPU
		{CEFB0F51-B1BD-4032-AE1A-D395EBF66FBF}.Release|Any CPU.ActiveCfg = Release|Any CPU
		{CEFB0F51-B1BD-4032-AE1A-D395EBF66FBF}.Release|Any CPU.Build.0 = Release|Any CPU
		{DF1BE1FB-30D0-49B7-AA87-3C83F874520D}.Debug|Any CPU.ActiveCfg = Debug|Any CPU
		{DF1BE1FB-30D0-49B7-AA87-3C83F874520D}.Debug|Any CPU.Build.0 = Debug|Any CPU
		{DF1BE1FB-30D0-49B7-AA87-3C83F874520D}.Release|Any CPU.ActiveCfg = Release|Any CPU
		{DF1BE1FB-30D0-49B7-AA87-3C83F874520D}.Release|Any CPU.Build.0 = Release|Any CPU
		{C11B0EC6-FB31-4297-B6E5-B331EFFE2332}.Debug|Any CPU.ActiveCfg = Debug|Any CPU
		{C11B0EC6-FB31-4297-B6E5-B331EFFE2332}.Debug|Any CPU.Build.0 = Debug|Any CPU
		{C11B0EC6-FB31-4297-B6E5-B331EFFE2332}.Release|Any CPU.ActiveCfg = Release|Any CPU
		{C11B0EC6-FB31-4297-B6E5-B331EFFE2332}.Release|Any CPU.Build.0 = Release|Any CPU
		{30E99ADB-3D05-420F-A554-6BA48B6CA6C4}.Debug|Any CPU.ActiveCfg = Debug|Any CPU
		{30E99ADB-3D05-420F-A554-6BA48B6CA6C4}.Debug|Any CPU.Build.0 = Debug|Any CPU
		{30E99ADB-3D05-420F-A554-6BA48B6CA6C4}.Release|Any CPU.ActiveCfg = Release|Any CPU
		{30E99ADB-3D05-420F-A554-6BA48B6CA6C4}.Release|Any CPU.Build.0 = Release|Any CPU
		{567503FB-6A50-4664-A2A2-B10FDBD39E94}.Debug|Any CPU.ActiveCfg = Debug|Any CPU
		{567503FB-6A50-4664-A2A2-B10FDBD39E94}.Debug|Any CPU.Build.0 = Debug|Any CPU
		{567503FB-6A50-4664-A2A2-B10FDBD39E94}.Release|Any CPU.ActiveCfg = Release|Any CPU
		{567503FB-6A50-4664-A2A2-B10FDBD39E94}.Release|Any CPU.Build.0 = Release|Any CPU
		{35942528-5EE2-4AD0-AAD2-D9EA2FE7A486}.Debug|Any CPU.ActiveCfg = Debug|Any CPU
		{35942528-5EE2-4AD0-AAD2-D9EA2FE7A486}.Debug|Any CPU.Build.0 = Debug|Any CPU
		{35942528-5EE2-4AD0-AAD2-D9EA2FE7A486}.Release|Any CPU.ActiveCfg = Release|Any CPU
		{35942528-5EE2-4AD0-AAD2-D9EA2FE7A486}.Release|Any CPU.Build.0 = Release|Any CPU
		{CA630FBD-4EE9-421B-B233-584C66945810}.Debug|Any CPU.ActiveCfg = Debug|Any CPU
		{CA630FBD-4EE9-421B-B233-584C66945810}.Debug|Any CPU.Build.0 = Debug|Any CPU
		{CA630FBD-4EE9-421B-B233-584C66945810}.Release|Any CPU.ActiveCfg = Release|Any CPU
		{CA630FBD-4EE9-421B-B233-584C66945810}.Release|Any CPU.Build.0 = Release|Any CPU
		{079DF071-5EBA-4FA6-85AA-C0BC71361EF6}.Debug|Any CPU.ActiveCfg = Debug|Any CPU
		{079DF071-5EBA-4FA6-85AA-C0BC71361EF6}.Debug|Any CPU.Build.0 = Debug|Any CPU
		{079DF071-5EBA-4FA6-85AA-C0BC71361EF6}.Release|Any CPU.ActiveCfg = Release|Any CPU
		{079DF071-5EBA-4FA6-85AA-C0BC71361EF6}.Release|Any CPU.Build.0 = Release|Any CPU
		{25AA4890-D87B-4637-9415-54D8501D167C}.Debug|Any CPU.ActiveCfg = Debug|Any CPU
		{25AA4890-D87B-4637-9415-54D8501D167C}.Debug|Any CPU.Build.0 = Debug|Any CPU
		{25AA4890-D87B-4637-9415-54D8501D167C}.Release|Any CPU.ActiveCfg = Release|Any CPU
		{25AA4890-D87B-4637-9415-54D8501D167C}.Release|Any CPU.Build.0 = Release|Any CPU
		{6B935A34-EB9E-414B-B58E-98803B54B6B1}.Debug|Any CPU.ActiveCfg = Debug|Any CPU
		{6B935A34-EB9E-414B-B58E-98803B54B6B1}.Debug|Any CPU.Build.0 = Debug|Any CPU
		{6B935A34-EB9E-414B-B58E-98803B54B6B1}.Release|Any CPU.ActiveCfg = Release|Any CPU
		{6B935A34-EB9E-414B-B58E-98803B54B6B1}.Release|Any CPU.Build.0 = Release|Any CPU
		{32A28DB1-AF13-4C61-816D-1215279E408C}.Debug|Any CPU.ActiveCfg = Debug|Any CPU
		{32A28DB1-AF13-4C61-816D-1215279E408C}.Debug|Any CPU.Build.0 = Debug|Any CPU
		{32A28DB1-AF13-4C61-816D-1215279E408C}.Release|Any CPU.ActiveCfg = Release|Any CPU
		{32A28DB1-AF13-4C61-816D-1215279E408C}.Release|Any CPU.Build.0 = Release|Any CPU
		{1FDCA674-EE23-4AD9-A8E3-8DF54B42B27B}.Debug|Any CPU.ActiveCfg = Debug|Any CPU
		{1FDCA674-EE23-4AD9-A8E3-8DF54B42B27B}.Debug|Any CPU.Build.0 = Debug|Any CPU
		{1FDCA674-EE23-4AD9-A8E3-8DF54B42B27B}.Release|Any CPU.ActiveCfg = Release|Any CPU
		{1FDCA674-EE23-4AD9-A8E3-8DF54B42B27B}.Release|Any CPU.Build.0 = Release|Any CPU
		{74C1507E-A040-43D0-A177-BF884982786D}.Debug|Any CPU.ActiveCfg = Debug|Any CPU
		{74C1507E-A040-43D0-A177-BF884982786D}.Debug|Any CPU.Build.0 = Debug|Any CPU
		{74C1507E-A040-43D0-A177-BF884982786D}.Release|Any CPU.ActiveCfg = Release|Any CPU
		{74C1507E-A040-43D0-A177-BF884982786D}.Release|Any CPU.Build.0 = Release|Any CPU
		{83FBB4E6-5B14-4DFC-BD22-499899EB8445}.Debug|Any CPU.ActiveCfg = Debug|Any CPU
		{83FBB4E6-5B14-4DFC-BD22-499899EB8445}.Debug|Any CPU.Build.0 = Debug|Any CPU
		{83FBB4E6-5B14-4DFC-BD22-499899EB8445}.Release|Any CPU.ActiveCfg = Release|Any CPU
		{83FBB4E6-5B14-4DFC-BD22-499899EB8445}.Release|Any CPU.Build.0 = Release|Any CPU
		{816AA992-52D0-46DE-B1DB-342BD62EA5B1}.Debug|Any CPU.ActiveCfg = Debug|Any CPU
		{816AA992-52D0-46DE-B1DB-342BD62EA5B1}.Debug|Any CPU.Build.0 = Debug|Any CPU
		{816AA992-52D0-46DE-B1DB-342BD62EA5B1}.Release|Any CPU.ActiveCfg = Release|Any CPU
		{816AA992-52D0-46DE-B1DB-342BD62EA5B1}.Release|Any CPU.Build.0 = Release|Any CPU
		{A8ECB65C-14CD-4EBD-86DD-32BC374ACFEC}.Debug|Any CPU.ActiveCfg = Debug|Any CPU
		{A8ECB65C-14CD-4EBD-86DD-32BC374ACFEC}.Debug|Any CPU.Build.0 = Debug|Any CPU
		{A8ECB65C-14CD-4EBD-86DD-32BC374ACFEC}.Release|Any CPU.ActiveCfg = Release|Any CPU
		{A8ECB65C-14CD-4EBD-86DD-32BC374ACFEC}.Release|Any CPU.Build.0 = Release|Any CPU
		{9FDB8FC6-72BA-4496-9362-62631DE9AEC9}.Debug|Any CPU.ActiveCfg = Debug|Any CPU
		{9FDB8FC6-72BA-4496-9362-62631DE9AEC9}.Debug|Any CPU.Build.0 = Debug|Any CPU
		{9FDB8FC6-72BA-4496-9362-62631DE9AEC9}.Release|Any CPU.ActiveCfg = Release|Any CPU
		{9FDB8FC6-72BA-4496-9362-62631DE9AEC9}.Release|Any CPU.Build.0 = Release|Any CPU
		{6B765DBA-BC7C-4EA0-841F-183B703B43C2}.Debug|Any CPU.ActiveCfg = Debug|Any CPU
		{6B765DBA-BC7C-4EA0-841F-183B703B43C2}.Debug|Any CPU.Build.0 = Debug|Any CPU
		{6B765DBA-BC7C-4EA0-841F-183B703B43C2}.Release|Any CPU.ActiveCfg = Release|Any CPU
		{6B765DBA-BC7C-4EA0-841F-183B703B43C2}.Release|Any CPU.Build.0 = Release|Any CPU
		{9A2F975E-47C3-48C2-B28A-7D6C856D37DC}.Debug|Any CPU.ActiveCfg = Debug|Any CPU
		{9A2F975E-47C3-48C2-B28A-7D6C856D37DC}.Debug|Any CPU.Build.0 = Debug|Any CPU
		{9A2F975E-47C3-48C2-B28A-7D6C856D37DC}.Release|Any CPU.ActiveCfg = Release|Any CPU
		{9A2F975E-47C3-48C2-B28A-7D6C856D37DC}.Release|Any CPU.Build.0 = Release|Any CPU
		{3B049708-3BB1-4A91-AD29-8EED088763E2}.Debug|Any CPU.ActiveCfg = Debug|Any CPU
		{3B049708-3BB1-4A91-AD29-8EED088763E2}.Debug|Any CPU.Build.0 = Debug|Any CPU
		{3B049708-3BB1-4A91-AD29-8EED088763E2}.Release|Any CPU.ActiveCfg = Release|Any CPU
		{3B049708-3BB1-4A91-AD29-8EED088763E2}.Release|Any CPU.Build.0 = Release|Any CPU
		{3C1A3894-1EDC-4EA4-977F-187363FE85DC}.Debug|Any CPU.ActiveCfg = Debug|Any CPU
		{3C1A3894-1EDC-4EA4-977F-187363FE85DC}.Debug|Any CPU.Build.0 = Debug|Any CPU
		{3C1A3894-1EDC-4EA4-977F-187363FE85DC}.Release|Any CPU.ActiveCfg = Release|Any CPU
		{3C1A3894-1EDC-4EA4-977F-187363FE85DC}.Release|Any CPU.Build.0 = Release|Any CPU
		{06E35103-6016-41A1-89D1-3C32E37B0C6F}.Debug|Any CPU.ActiveCfg = Debug|Any CPU
		{06E35103-6016-41A1-89D1-3C32E37B0C6F}.Debug|Any CPU.Build.0 = Debug|Any CPU
		{06E35103-6016-41A1-89D1-3C32E37B0C6F}.Release|Any CPU.ActiveCfg = Release|Any CPU
		{06E35103-6016-41A1-89D1-3C32E37B0C6F}.Release|Any CPU.Build.0 = Release|Any CPU
		{B54F3368-4E83-4925-A178-CC0A8FFB879D}.Debug|Any CPU.ActiveCfg = Debug|Any CPU
		{B54F3368-4E83-4925-A178-CC0A8FFB879D}.Debug|Any CPU.Build.0 = Debug|Any CPU
		{B54F3368-4E83-4925-A178-CC0A8FFB879D}.Release|Any CPU.ActiveCfg = Release|Any CPU
		{B54F3368-4E83-4925-A178-CC0A8FFB879D}.Release|Any CPU.Build.0 = Release|Any CPU
		{3B1F59E2-D444-4A3D-86A7-32FA01113EBC}.Debug|Any CPU.ActiveCfg = Debug|Any CPU
		{3B1F59E2-D444-4A3D-86A7-32FA01113EBC}.Debug|Any CPU.Build.0 = Debug|Any CPU
		{3B1F59E2-D444-4A3D-86A7-32FA01113EBC}.Release|Any CPU.ActiveCfg = Release|Any CPU
		{3B1F59E2-D444-4A3D-86A7-32FA01113EBC}.Release|Any CPU.Build.0 = Release|Any CPU
		{FD7E6765-B090-4DA8-BBE0-778B11CC98C0}.Debug|Any CPU.ActiveCfg = Debug|Any CPU
		{FD7E6765-B090-4DA8-BBE0-778B11CC98C0}.Debug|Any CPU.Build.0 = Debug|Any CPU
		{FD7E6765-B090-4DA8-BBE0-778B11CC98C0}.Release|Any CPU.ActiveCfg = Release|Any CPU
		{FD7E6765-B090-4DA8-BBE0-778B11CC98C0}.Release|Any CPU.Build.0 = Release|Any CPU
		{6A198AFC-E7AF-4788-8441-03A0563BE6D0}.Debug|Any CPU.ActiveCfg = Debug|Any CPU
		{6A198AFC-E7AF-4788-8441-03A0563BE6D0}.Debug|Any CPU.Build.0 = Debug|Any CPU
		{6A198AFC-E7AF-4788-8441-03A0563BE6D0}.Release|Any CPU.ActiveCfg = Release|Any CPU
		{6A198AFC-E7AF-4788-8441-03A0563BE6D0}.Release|Any CPU.Build.0 = Release|Any CPU
		{F22BABF9-0359-406E-8D94-194ABB14A402}.Debug|Any CPU.ActiveCfg = Debug|Any CPU
		{F22BABF9-0359-406E-8D94-194ABB14A402}.Debug|Any CPU.Build.0 = Debug|Any CPU
		{F22BABF9-0359-406E-8D94-194ABB14A402}.Release|Any CPU.ActiveCfg = Release|Any CPU
		{F22BABF9-0359-406E-8D94-194ABB14A402}.Release|Any CPU.Build.0 = Release|Any CPU
		{5EBC5BF2-649E-4890-884D-764FD5EEF9A3}.Debug|Any CPU.ActiveCfg = Debug|Any CPU
		{5EBC5BF2-649E-4890-884D-764FD5EEF9A3}.Debug|Any CPU.Build.0 = Debug|Any CPU
		{5EBC5BF2-649E-4890-884D-764FD5EEF9A3}.Release|Any CPU.ActiveCfg = Release|Any CPU
		{5EBC5BF2-649E-4890-884D-764FD5EEF9A3}.Release|Any CPU.Build.0 = Release|Any CPU
		{805B8319-47AA-4D90-864F-4A7D0D219C67}.Debug|Any CPU.ActiveCfg = Debug|Any CPU
		{805B8319-47AA-4D90-864F-4A7D0D219C67}.Debug|Any CPU.Build.0 = Debug|Any CPU
		{805B8319-47AA-4D90-864F-4A7D0D219C67}.Release|Any CPU.ActiveCfg = Release|Any CPU
		{805B8319-47AA-4D90-864F-4A7D0D219C67}.Release|Any CPU.Build.0 = Release|Any CPU
		{4DE89E88-BC4D-4CE0-A013-8C1F5D3CDAB0}.Debug|Any CPU.ActiveCfg = Debug|Any CPU
		{4DE89E88-BC4D-4CE0-A013-8C1F5D3CDAB0}.Debug|Any CPU.Build.0 = Debug|Any CPU
		{4DE89E88-BC4D-4CE0-A013-8C1F5D3CDAB0}.Release|Any CPU.ActiveCfg = Release|Any CPU
		{4DE89E88-BC4D-4CE0-A013-8C1F5D3CDAB0}.Release|Any CPU.Build.0 = Release|Any CPU
		{06B24A75-1AEA-41C6-8312-6FE73A1E4D83}.Debug|Any CPU.ActiveCfg = Debug|Any CPU
		{06B24A75-1AEA-41C6-8312-6FE73A1E4D83}.Debug|Any CPU.Build.0 = Debug|Any CPU
		{06B24A75-1AEA-41C6-8312-6FE73A1E4D83}.Release|Any CPU.ActiveCfg = Release|Any CPU
		{06B24A75-1AEA-41C6-8312-6FE73A1E4D83}.Release|Any CPU.Build.0 = Release|Any CPU
		{57F2017B-9738-4423-B65E-EB4BC197C04F}.Debug|Any CPU.ActiveCfg = Debug|Any CPU
		{57F2017B-9738-4423-B65E-EB4BC197C04F}.Debug|Any CPU.Build.0 = Debug|Any CPU
		{57F2017B-9738-4423-B65E-EB4BC197C04F}.Release|Any CPU.ActiveCfg = Release|Any CPU
		{57F2017B-9738-4423-B65E-EB4BC197C04F}.Release|Any CPU.Build.0 = Release|Any CPU
		{C4792B19-FE4F-43C2-B6F5-63B55A3DA2DB}.Debug|Any CPU.ActiveCfg = Debug|Any CPU
		{C4792B19-FE4F-43C2-B6F5-63B55A3DA2DB}.Debug|Any CPU.Build.0 = Debug|Any CPU
		{C4792B19-FE4F-43C2-B6F5-63B55A3DA2DB}.Release|Any CPU.ActiveCfg = Release|Any CPU
		{C4792B19-FE4F-43C2-B6F5-63B55A3DA2DB}.Release|Any CPU.Build.0 = Release|Any CPU
		{F22B812A-5637-4ABA-90A5-2F3E3604A990}.Debug|Any CPU.ActiveCfg = Debug|Any CPU
		{F22B812A-5637-4ABA-90A5-2F3E3604A990}.Debug|Any CPU.Build.0 = Debug|Any CPU
		{F22B812A-5637-4ABA-90A5-2F3E3604A990}.Release|Any CPU.ActiveCfg = Release|Any CPU
		{F22B812A-5637-4ABA-90A5-2F3E3604A990}.Release|Any CPU.Build.0 = Release|Any CPU
		{CA750B9C-BC2E-4F74-84B7-431388E4080D}.Debug|Any CPU.ActiveCfg = Debug|Any CPU
		{CA750B9C-BC2E-4F74-84B7-431388E4080D}.Debug|Any CPU.Build.0 = Debug|Any CPU
		{CA750B9C-BC2E-4F74-84B7-431388E4080D}.Release|Any CPU.ActiveCfg = Release|Any CPU
		{CA750B9C-BC2E-4F74-84B7-431388E4080D}.Release|Any CPU.Build.0 = Release|Any CPU
		{EDA9EEAA-E386-4EA7-88C3-6806CE64DF53}.Debug|Any CPU.ActiveCfg = Debug|Any CPU
		{EDA9EEAA-E386-4EA7-88C3-6806CE64DF53}.Debug|Any CPU.Build.0 = Debug|Any CPU
		{EDA9EEAA-E386-4EA7-88C3-6806CE64DF53}.Release|Any CPU.ActiveCfg = Release|Any CPU
		{EDA9EEAA-E386-4EA7-88C3-6806CE64DF53}.Release|Any CPU.Build.0 = Release|Any CPU
		{7A4A9AE5-28C2-4CCA-88CB-6131824365B6}.Debug|Any CPU.ActiveCfg = Debug|Any CPU
		{7A4A9AE5-28C2-4CCA-88CB-6131824365B6}.Debug|Any CPU.Build.0 = Debug|Any CPU
		{7A4A9AE5-28C2-4CCA-88CB-6131824365B6}.Release|Any CPU.ActiveCfg = Release|Any CPU
		{7A4A9AE5-28C2-4CCA-88CB-6131824365B6}.Release|Any CPU.Build.0 = Release|Any CPU
		{E37BDC07-A867-4FA5-B0AD-267DC8E64F21}.Debug|Any CPU.ActiveCfg = Debug|Any CPU
		{E37BDC07-A867-4FA5-B0AD-267DC8E64F21}.Debug|Any CPU.Build.0 = Debug|Any CPU
		{E37BDC07-A867-4FA5-B0AD-267DC8E64F21}.Release|Any CPU.ActiveCfg = Release|Any CPU
		{E37BDC07-A867-4FA5-B0AD-267DC8E64F21}.Release|Any CPU.Build.0 = Release|Any CPU
		{CC485B42-BF40-4041-B3FD-E43969B7823D}.Debug|Any CPU.ActiveCfg = Debug|Any CPU
		{CC485B42-BF40-4041-B3FD-E43969B7823D}.Debug|Any CPU.Build.0 = Debug|Any CPU
		{CC485B42-BF40-4041-B3FD-E43969B7823D}.Release|Any CPU.ActiveCfg = Release|Any CPU
		{CC485B42-BF40-4041-B3FD-E43969B7823D}.Release|Any CPU.Build.0 = Release|Any CPU
		{952FFBE9-72E0-44F4-A31A-702E8C0123EB}.Debug|Any CPU.ActiveCfg = Debug|Any CPU
		{952FFBE9-72E0-44F4-A31A-702E8C0123EB}.Debug|Any CPU.Build.0 = Debug|Any CPU
		{952FFBE9-72E0-44F4-A31A-702E8C0123EB}.Release|Any CPU.ActiveCfg = Release|Any CPU
		{952FFBE9-72E0-44F4-A31A-702E8C0123EB}.Release|Any CPU.Build.0 = Release|Any CPU
		{21E21CE4-7264-4390-BD2B-3DC3968F124E}.Debug|Any CPU.ActiveCfg = Debug|Any CPU
		{21E21CE4-7264-4390-BD2B-3DC3968F124E}.Debug|Any CPU.Build.0 = Debug|Any CPU
		{21E21CE4-7264-4390-BD2B-3DC3968F124E}.Release|Any CPU.ActiveCfg = Release|Any CPU
		{21E21CE4-7264-4390-BD2B-3DC3968F124E}.Release|Any CPU.Build.0 = Release|Any CPU
		{730F3C7B-4C9C-4315-87CD-581885E84FC0}.Debug|Any CPU.ActiveCfg = Debug|Any CPU
		{730F3C7B-4C9C-4315-87CD-581885E84FC0}.Debug|Any CPU.Build.0 = Debug|Any CPU
		{730F3C7B-4C9C-4315-87CD-581885E84FC0}.Release|Any CPU.ActiveCfg = Release|Any CPU
		{730F3C7B-4C9C-4315-87CD-581885E84FC0}.Release|Any CPU.Build.0 = Release|Any CPU
		{EEF63DF5-1B57-4972-B23F-40F76261E1B5}.Debug|Any CPU.ActiveCfg = Debug|Any CPU
		{EEF63DF5-1B57-4972-B23F-40F76261E1B5}.Debug|Any CPU.Build.0 = Debug|Any CPU
		{EEF63DF5-1B57-4972-B23F-40F76261E1B5}.Release|Any CPU.ActiveCfg = Release|Any CPU
		{EEF63DF5-1B57-4972-B23F-40F76261E1B5}.Release|Any CPU.Build.0 = Release|Any CPU
		{D71C005B-94B3-473B-996F-345134B41B82}.Debug|Any CPU.ActiveCfg = Debug|Any CPU
		{D71C005B-94B3-473B-996F-345134B41B82}.Debug|Any CPU.Build.0 = Debug|Any CPU
		{D71C005B-94B3-473B-996F-345134B41B82}.Release|Any CPU.ActiveCfg = Release|Any CPU
		{D71C005B-94B3-473B-996F-345134B41B82}.Release|Any CPU.Build.0 = Release|Any CPU
	EndGlobalSection
	GlobalSection(SolutionProperties) = preSolution
		HideSolutionNode = FALSE
	EndGlobalSection
	GlobalSection(NestedProjects) = preSolution
		{DF428EBA-FCA9-41B0-8E7F-51EBAD991423} = {E105A163-9660-4A89-8CA9-C242762B8613}
		{91FB1838-D738-4591-8E01-2F201BEAA8E3} = {E105A163-9660-4A89-8CA9-C242762B8613}
		{02AD807B-E1D5-42F5-A50E-F7A5D45D9AD0} = {E105A163-9660-4A89-8CA9-C242762B8613}
		{E99DCDA2-FB3F-4CBB-8784-2D93DFBFE546} = {E105A163-9660-4A89-8CA9-C242762B8613}
		{6E11502C-D0AB-45DE-B20A-07F0A8654336} = {76FD4AE7-DA80-4244-8A1A-784DD49F9894}
		{CC4E2469-289A-48D7-B4A5-33DE1B442B45} = {76FD4AE7-DA80-4244-8A1A-784DD49F9894}
		{1367BE66-B605-4868-A67A-3C3F06B0277A} = {E105A163-9660-4A89-8CA9-C242762B8613}
		{53709FCC-2FFB-4DCF-BB24-7F5FD0D48DC0} = {E105A163-9660-4A89-8CA9-C242762B8613}
		{924C8923-A91F-4309-AC25-9FCBF104C693} = {379B9552-4579-4BFD-A50E-F123587A91AE}
		{A1BB8CD8-F3FB-4DB5-9FD0-56CBD44DB6D9} = {379B9552-4579-4BFD-A50E-F123587A91AE}
		{A74DE0A9-C0EF-4E2D-8FD4-F89000F08BBA} = {379B9552-4579-4BFD-A50E-F123587A91AE}
		{E67EDB06-3380-405D-885B-7983E81C3CBF} = {379B9552-4579-4BFD-A50E-F123587A91AE}
		{C82A6412-1022-43C0-B615-FFA9AEA43E62} = {379B9552-4579-4BFD-A50E-F123587A91AE}
		{19B8088C-E34A-4F09-A050-182319FF474F} = {379B9552-4579-4BFD-A50E-F123587A91AE}
		{12168609-C749-4D3C-B6DA-94DE8ED04025} = {8F47DBC9-9B92-4C83-B058-EA0EF909FAA9}
		{9D75EA2C-35A6-41F5-BF45-FD46C5367DDD} = {8F47DBC9-9B92-4C83-B058-EA0EF909FAA9}
		{E132D254-AE19-4F94-BE46-E1288F5C2541} = {1B964A23-1277-4B7F-B223-63C93F2BEFE9}
		{B99E35B3-3B33-436E-99E2-E4283DDD6C60} = {FFED6C80-5C33-40E4-84D9-3DBB953A411A}
		{93068429-D35E-43A2-ABDD-E38582E793C3} = {73FC2D37-C4FE-4DD4-AA4C-2484EA04769C}
		{51439AF4-781A-4AE3-8456-4B49066AFC41} = {73FC2D37-C4FE-4DD4-AA4C-2484EA04769C}
		{E76180CB-0404-4A4A-B4DC-FDAF27B7ADC5} = {73FC2D37-C4FE-4DD4-AA4C-2484EA04769C}
		{2CAAA857-1040-40FA-ADEA-19E9B02FB229} = {73FC2D37-C4FE-4DD4-AA4C-2484EA04769C}
		{648C251D-F34A-4891-926A-FCF6491CE9FA} = {73FC2D37-C4FE-4DD4-AA4C-2484EA04769C}
		{99327B12-EF07-4B9B-A22E-77BE1B4C98EA} = {73FC2D37-C4FE-4DD4-AA4C-2484EA04769C}
		{D2F0250F-F9FD-4435-86FC-3D982360B37D} = {73FC2D37-C4FE-4DD4-AA4C-2484EA04769C}
		{DF1BE1FB-30D0-49B7-AA87-3C83F874520D} = {379B9552-4579-4BFD-A50E-F123587A91AE}
		{C11B0EC6-FB31-4297-B6E5-B331EFFE2332} = {76FD4AE7-DA80-4244-8A1A-784DD49F9894}
		{30E99ADB-3D05-420F-A554-6BA48B6CA6C4} = {76FD4AE7-DA80-4244-8A1A-784DD49F9894}
		{567503FB-6A50-4664-A2A2-B10FDBD39E94} = {379B9552-4579-4BFD-A50E-F123587A91AE}
		{35942528-5EE2-4AD0-AAD2-D9EA2FE7A486} = {73FC2D37-C4FE-4DD4-AA4C-2484EA04769C}
		{CA630FBD-4EE9-421B-B233-584C66945810} = {379B9552-4579-4BFD-A50E-F123587A91AE}
		{D5D373F5-4063-4B5B-84E8-F1A8FC1DB52D} = {76FD4AE7-DA80-4244-8A1A-784DD49F9894}
		{079DF071-5EBA-4FA6-85AA-C0BC71361EF6} = {D5D373F5-4063-4B5B-84E8-F1A8FC1DB52D}
		{25AA4890-D87B-4637-9415-54D8501D167C} = {379B9552-4579-4BFD-A50E-F123587A91AE}
		{32A28DB1-AF13-4C61-816D-1215279E408C} = {76FD4AE7-DA80-4244-8A1A-784DD49F9894}
		{1FDCA674-EE23-4AD9-A8E3-8DF54B42B27B} = {8F47DBC9-9B92-4C83-B058-EA0EF909FAA9}
		{340CE2E4-0FF5-48EE-87E5-171BB4E0382C} = {393D37F7-A29E-4222-840A-F29D420A9A4A}
		{83FBB4E6-5B14-4DFC-BD22-499899EB8445} = {340CE2E4-0FF5-48EE-87E5-171BB4E0382C}
		{816AA992-52D0-46DE-B1DB-342BD62EA5B1} = {340CE2E4-0FF5-48EE-87E5-171BB4E0382C}
		{A8ECB65C-14CD-4EBD-86DD-32BC374ACFEC} = {340CE2E4-0FF5-48EE-87E5-171BB4E0382C}
		{9FDB8FC6-72BA-4496-9362-62631DE9AEC9} = {8F47DBC9-9B92-4C83-B058-EA0EF909FAA9}
		{6B765DBA-BC7C-4EA0-841F-183B703B43C2} = {8F47DBC9-9B92-4C83-B058-EA0EF909FAA9}
		{9A2F975E-47C3-48C2-B28A-7D6C856D37DC} = {73FC2D37-C4FE-4DD4-AA4C-2484EA04769C}
		{06E35103-6016-41A1-89D1-3C32E37B0C6F} = {8F47DBC9-9B92-4C83-B058-EA0EF909FAA9}
		{B54F3368-4E83-4925-A178-CC0A8FFB879D} = {8F47DBC9-9B92-4C83-B058-EA0EF909FAA9}
		{FD7E6765-B090-4DA8-BBE0-778B11CC98C0} = {379B9552-4579-4BFD-A50E-F123587A91AE}
		{6A198AFC-E7AF-4788-8441-03A0563BE6D0} = {E105A163-9660-4A89-8CA9-C242762B8613}
		{623C2599-C6CE-4179-98A4-EEA505F38E31} = {379B9552-4579-4BFD-A50E-F123587A91AE}
		{F22BABF9-0359-406E-8D94-194ABB14A402} = {623C2599-C6CE-4179-98A4-EEA505F38E31}
		{5EBC5BF2-649E-4890-884D-764FD5EEF9A3} = {623C2599-C6CE-4179-98A4-EEA505F38E31}
		{1F3E1BC7-395D-4D77-8657-FC552AC852AF} = {76FD4AE7-DA80-4244-8A1A-784DD49F9894}
		{805B8319-47AA-4D90-864F-4A7D0D219C67} = {1F3E1BC7-395D-4D77-8657-FC552AC852AF}
		{4DE89E88-BC4D-4CE0-A013-8C1F5D3CDAB0} = {623C2599-C6CE-4179-98A4-EEA505F38E31}
		{06B24A75-1AEA-41C6-8312-6FE73A1E4D83} = {623C2599-C6CE-4179-98A4-EEA505F38E31}
		{DE01E264-E91F-40B4-8950-6689AEA0009A} = {E105A163-9660-4A89-8CA9-C242762B8613}
		{57F2017B-9738-4423-B65E-EB4BC197C04F} = {DE01E264-E91F-40B4-8950-6689AEA0009A}
		{C4792B19-FE4F-43C2-B6F5-63B55A3DA2DB} = {8F47DBC9-9B92-4C83-B058-EA0EF909FAA9}
		{F22B812A-5637-4ABA-90A5-2F3E3604A990} = {DE01E264-E91F-40B4-8950-6689AEA0009A}
		{CA750B9C-BC2E-4F74-84B7-431388E4080D} = {73FC2D37-C4FE-4DD4-AA4C-2484EA04769C}
		{3DA38811-ECC4-451D-896A-E765E178394E} = {B64C047D-5EBC-424D-9B67-71F565188B51}
		{EDA9EEAA-E386-4EA7-88C3-6806CE64DF53} = {3DA38811-ECC4-451D-896A-E765E178394E}
		{7C9D1ADD-3D5B-4376-A0B7-45675C6D0D72} = {B64C047D-5EBC-424D-9B67-71F565188B51}
		{29E95F29-D353-4F79-879C-47505B6DB463} = {B64C047D-5EBC-424D-9B67-71F565188B51}
		{1F7E5F77-9D67-41F4-AE3E-DAA0CA8D24C5} = {379B9552-4579-4BFD-A50E-F123587A91AE}
		{7A4A9AE5-28C2-4CCA-88CB-6131824365B6} = {1F7E5F77-9D67-41F4-AE3E-DAA0CA8D24C5}
		{E37BDC07-A867-4FA5-B0AD-267DC8E64F21} = {1F3E1BC7-395D-4D77-8657-FC552AC852AF}
		{CC485B42-BF40-4041-B3FD-E43969B7823D} = {379B9552-4579-4BFD-A50E-F123587A91AE}
		{952FFBE9-72E0-44F4-A31A-702E8C0123EB} = {340CE2E4-0FF5-48EE-87E5-171BB4E0382C}
		{21E21CE4-7264-4390-BD2B-3DC3968F124E} = {1F3E1BC7-395D-4D77-8657-FC552AC852AF}
		{730F3C7B-4C9C-4315-87CD-581885E84FC0} = {1F3E1BC7-395D-4D77-8657-FC552AC852AF}
		{EEF63DF5-1B57-4972-B23F-40F76261E1B5} = {8F47DBC9-9B92-4C83-B058-EA0EF909FAA9}
		{10261A0A-A64C-40F1-AF54-453AAB53A045} = {8F47DBC9-9B92-4C83-B058-EA0EF909FAA9}
		{D71C005B-94B3-473B-996F-345134B41B82} = {10261A0A-A64C-40F1-AF54-453AAB53A045}
	EndGlobalSection
	GlobalSection(ExtensibilityGlobals) = postSolution
		SolutionGuid = {BD20DE54-1131-41A3-9F1B-37B742A8FA09}
	EndGlobalSection
EndGlobal

		{29E95F29-D353-4F79-879C-47505B6DB463} = {B64C047D-5EBC-424D-9B67-71F565188B51}
		{68D9DC48-E4EA-4451-8246-F472DA6D8BBD} = {7C9D1ADD-3D5B-4376-A0B7-45675C6D0D72}
		{339B3CE0-75F8-4137-8237-F4F2AD2A7B94} = {29E95F29-D353-4F79-879C-47505B6DB463}
		{1F7E5F77-9D67-41F4-AE3E-DAA0CA8D24C5} = {379B9552-4579-4BFD-A50E-F123587A91AE}
		{7A4A9AE5-28C2-4CCA-88CB-6131824365B6} = {1F7E5F77-9D67-41F4-AE3E-DAA0CA8D24C5}
		{E37BDC07-A867-4FA5-B0AD-267DC8E64F21} = {1F3E1BC7-395D-4D77-8657-FC552AC852AF}
		{CC485B42-BF40-4041-B3FD-E43969B7823D} = {379B9552-4579-4BFD-A50E-F123587A91AE}
		{952FFBE9-72E0-44F4-A31A-702E8C0123EB} = {340CE2E4-0FF5-48EE-87E5-171BB4E0382C}
		{21E21CE4-7264-4390-BD2B-3DC3968F124E} = {1F3E1BC7-395D-4D77-8657-FC552AC852AF}
		{730F3C7B-4C9C-4315-87CD-581885E84FC0} = {1F3E1BC7-395D-4D77-8657-FC552AC852AF}
		{EEF63DF5-1B57-4972-B23F-40F76261E1B5} = {8F47DBC9-9B92-4C83-B058-EA0EF909FAA9}
		{10261A0A-A64C-40F1-AF54-453AAB53A045} = {8F47DBC9-9B92-4C83-B058-EA0EF909FAA9}
		{D71C005B-94B3-473B-996F-345134B41B82} = {10261A0A-A64C-40F1-AF54-453AAB53A045}
	EndGlobalSection
	GlobalSection(ExtensibilityGlobals) = postSolution
		SolutionGuid = {BD20DE54-1131-41A3-9F1B-37B742A8FA09}
	EndGlobalSection
EndGlobal
B-4C9C-4315-87CD-581885E84FC0} = {1F3E1BC7-395D-4D77-8657-FC552AC852AF}
		{EEF63DF5-1B57-4972-B23F-40F76261E1B5} = {8F47DBC9-9B92-4C83-B058-EA0EF909FAA9}
		{10261A0A-A64C-40F1-AF54-453AAB53A045} = {8F47DBC9-9B92-4C83-B058-EA0EF909FAA9}
		{D71C005B-94B3-473B-996F-345134B41B82} = {10261A0A-A64C-40F1-AF54-453AAB53A045}
	EndGlobalSection
	GlobalSection(ExtensibilityGlobals) = postSolution
		SolutionGuid = {BD20DE54-1131-41A3-9F1B-37B742A8FA09}
	EndGlobalSection
EndGlobal
E4-7264-4390-BD2B-3DC3968F124E} = {1F3E1BC7-395D-4D77-8657-FC552AC852AF}
		{730F3C7B-4C9C-4315-87CD-581885E84FC0} = {1F3E1BC7-395D-4D77-8657-FC552AC852AF}
		{EEF63DF5-1B57-4972-B23F-40F76261E1B5} = {8F47DBC9-9B92-4C83-B058-EA0EF909FAA9}
		{10261A0A-A64C-40F1-AF54-453AAB53A045} = {8F47DBC9-9B92-4C83-B058-EA0EF909FAA9}
		{D71C005B-94B3-473B-996F-345134B41B82} = {10261A0A-A64C-40F1-AF54-453AAB53A045}
	EndGlobalSection
	GlobalSection(ExtensibilityGlobals) = postSolution
		SolutionGuid = {BD20DE54-1131-41A3-9F1B-37B742A8FA09}
	EndGlobalSection
EndGlobal
A50E-F123587A91AE}
		{952FFBE9-72E0-44F4-A31A-702E8C0123EB} = {340CE2E4-0FF5-48EE-87E5-171BB4E0382C}
		{21E21CE4-7264-4390-BD2B-3DC3968F124E} = {1F3E1BC7-395D-4D77-8657-FC552AC852AF}
		{730F3C7B-4C9C-4315-87CD-581885E84FC0} = {1F3E1BC7-395D-4D77-8657-FC552AC852AF}
		{EEF63DF5-1B57-4972-B23F-40F76261E1B5} = {8F47DBC9-9B92-4C83-B058-EA0EF909FAA9}
		{10261A0A-A64C-40F1-AF54-453AAB53A045} = {8F47DBC9-9B92-4C83-B058-EA0EF909FAA9}
		{D71C005B-94B3-473B-996F-345134B41B82} = {10261A0A-A64C-40F1-AF54-453AAB53A045}
	EndGlobalSection
	GlobalSection(ExtensibilityGlobals) = postSolution
		SolutionGuid = {BD20DE54-1131-41A3-9F1B-37B742A8FA09}
	EndGlobalSection
EndGlobal
9-4BFD-A50E-F123587A91AE}
		{952FFBE9-72E0-44F4-A31A-702E8C0123EB} = {340CE2E4-0FF5-48EE-87E5-171BB4E0382C}
		{21E21CE4-7264-4390-BD2B-3DC3968F124E} = {1F3E1BC7-395D-4D77-8657-FC552AC852AF}
		{730F3C7B-4C9C-4315-87CD-581885E84FC0} = {1F3E1BC7-395D-4D77-8657-FC552AC852AF}
		{EEF63DF5-1B57-4972-B23F-40F76261E1B5} = {8F47DBC9-9B92-4C83-B058-EA0EF909FAA9}
		{10261A0A-A64C-40F1-AF54-453AAB53A045} = {8F47DBC9-9B92-4C83-B058-EA0EF909FAA9}
		{D71C005B-94B3-473B-996F-345134B41B82} = {10261A0A-A64C-40F1-AF54-453AAB53A045}
	EndGlobalSection
	GlobalSection(ExtensibilityGlobals) = postSolution
		SolutionGuid = {BD20DE54-1131-41A3-9F1B-37B742A8FA09}
	EndGlobalSection
EndGlobal
